// !$*UTF8*$!
{
	archiveVersion = 1;
	classes = {
	};
	objectVersion = 46;
	objects = {
/* Begin PBXBuildFile section */
		0186775017AC44499CB502A3 /* CDVAdMobPlugin.m in Sources */ = {isa = PBXBuildFile; fileRef = 9F241CD8EA0B4F44828ABFAC /* CDVAdMobPlugin.m */; };
		028F14A5E83140F88EB39841 /* CDVLocation.m in Sources */ = {isa = PBXBuildFile; fileRef = 21E3C504F64C450AA8076ACE /* CDVLocation.m */; };
		048613E18B5A4A1EA029111E /* Marker.m in Sources */ = {isa = PBXBuildFile; fileRef = BFD886D041AD4B8C82258F7B /* Marker.m */; };
		0E3E21B0782A4408889DF41A /* AdSupport.framework in Frameworks */ = {isa = PBXBuildFile; fileRef = 66E3E95ABA39474181FB720C /* AdSupport.framework */; };
		10A4D52A4C24477D9B90A832 /* OpenGLES.framework in Frameworks */ = {isa = PBXBuildFile; fileRef = 7859E6241D8145719CDC2BAD /* OpenGLES.framework */; };
		198E765BA29C485691A5E94D /* EventKitUI.framework in Frameworks */ = {isa = PBXBuildFile; fileRef = C5452132828E4668B4A29F5E /* EventKitUI.framework */; };
		1AA02C4DE467444F920FAAE3 /* Circle.m in Sources */ = {isa = PBXBuildFile; fileRef = 3BBDD54A5C9740148DC20691 /* Circle.m */; };
		1D3623260D0F684500981E51 /* AppDelegate.m in Sources */ = {isa = PBXBuildFile; fileRef = 1D3623250D0F684500981E51 /* AppDelegate.m */; };
		1D60589B0D05DD56006BFB54 /* main.m in Sources */ = {isa = PBXBuildFile; fileRef = 29B97316FDCFA39411CA2CEA /* main.m */; };
		1F766FE113BBADB100FB74C0 /* Localizable.strings in Resources */ = {isa = PBXBuildFile; fileRef = 1F766FDC13BBADB100FB74C0 /* Localizable.strings */; };
		25BF4BCF500E4BDF928C4B2B /* CDVFile.m in Sources */ = {isa = PBXBuildFile; fileRef = 433C22D9D5A442FA95C12CDF /* CDVFile.m */; };
		2684A2628C3641F5A5C78FBF /* CoreTelephony.framework in Frameworks */ = {isa = PBXBuildFile; fileRef = A7D242E8981C40878AC33EA4 /* CoreTelephony.framework */; };
		26B7F88817ED47D8AFBEA701 /* AudioToolbox.framework in Frameworks */ = {isa = PBXBuildFile; fileRef = B12D093293134C14A40F1C12 /* AudioToolbox.framework */; };
		2739A3A045B7423CB8F91895 /* GoogleMaps.framework in Frameworks */ = {isa = PBXBuildFile; fileRef = A94F36D818BB482DBC546F34 /* GoogleMaps.framework */; };
		288765FD0DF74451002DB57D /* CoreGraphics.framework in Frameworks */ = {isa = PBXBuildFile; fileRef = 288765FC0DF74451002DB57D /* CoreGraphics.framework */; };
		28D4FB13E0074346A5C1B39A /* CDVReachability.m in Sources */ = {isa = PBXBuildFile; fileRef = 56C9A68C87A94A639AC93BC0 /* CDVReachability.m */; };
		2CEF9B33493749D29062C9DE /* EventKit.framework in Frameworks */ = {isa = PBXBuildFile; fileRef = 01456A3C038C48D78C9D8572 /* EventKit.framework */; };
		2E3783F101E84EE8BA7A0B6B /* ImageIO.framework in Frameworks */ = {isa = PBXBuildFile; fileRef = 484DD6DFB8344CA281689602 /* ImageIO.framework */; settings = {ATTRIBUTES = (Weak, ); }; };
		301BF552109A68D80062928A /* libCordova.a in Frameworks */ = {isa = PBXBuildFile; fileRef = 301BF535109A57CC0062928A /* libCordova.a */; };
		302D95F114D2391D003F00A1 /* MainViewController.m in Sources */ = {isa = PBXBuildFile; fileRef = 302D95EF14D2391D003F00A1 /* MainViewController.m */; };
		302D95F214D2391D003F00A1 /* MainViewController.xib in Resources */ = {isa = PBXBuildFile; fileRef = 302D95F014D2391D003F00A1 /* MainViewController.xib */; };
		305D5FD1115AB8F900A74A75 /* MobileCoreServices.framework in Frameworks */ = {isa = PBXBuildFile; fileRef = 305D5FD0115AB8F900A74A75 /* MobileCoreServices.framework */; };
		3088BBBD154F3926009F9C59 /* Default-Landscape@2x~ipad.png in Resources */ = {isa = PBXBuildFile; fileRef = 3088BBB7154F3926009F9C59 /* Default-Landscape@2x~ipad.png */; };
		3088BBBE154F3926009F9C59 /* Default-Landscape~ipad.png in Resources */ = {isa = PBXBuildFile; fileRef = 3088BBB8154F3926009F9C59 /* Default-Landscape~ipad.png */; };
		3088BBBF154F3926009F9C59 /* Default-Portrait@2x~ipad.png in Resources */ = {isa = PBXBuildFile; fileRef = 3088BBB9154F3926009F9C59 /* Default-Portrait@2x~ipad.png */; };
		3088BBC0154F3926009F9C59 /* Default-Portrait~ipad.png in Resources */ = {isa = PBXBuildFile; fileRef = 3088BBBA154F3926009F9C59 /* Default-Portrait~ipad.png */; };
		3088BBC1154F3926009F9C59 /* Default@2x~iphone.png in Resources */ = {isa = PBXBuildFile; fileRef = 3088BBBB154F3926009F9C59 /* Default@2x~iphone.png */; };
		3088BBC2154F3926009F9C59 /* Default~iphone.png in Resources */ = {isa = PBXBuildFile; fileRef = 3088BBBC154F3926009F9C59 /* Default~iphone.png */; };
		308D05371370CCF300D202BF /* icon-72.png in Resources */ = {isa = PBXBuildFile; fileRef = 308D052E1370CCF300D202BF /* icon-72.png */; };
		308D05381370CCF300D202BF /* icon.png in Resources */ = {isa = PBXBuildFile; fileRef = 308D052F1370CCF300D202BF /* icon.png */; };
		308D05391370CCF300D202BF /* icon@2x.png in Resources */ = {isa = PBXBuildFile; fileRef = 308D05301370CCF300D202BF /* icon@2x.png */; };
		30A0434814DC770100060A13 /* Localizable.strings in Resources */ = {isa = PBXBuildFile; fileRef = 30A0434314DC770100060A13 /* Localizable.strings */; };
		30FC414916E50CA1004E6F35 /* icon-72@2x.png in Resources */ = {isa = PBXBuildFile; fileRef = 30FC414816E50CA1004E6F35 /* icon-72@2x.png */; };
		36894A9275CD488D90BE8E92 /* Accounts.framework in Frameworks */ = {isa = PBXBuildFile; fileRef = A63EB46293424DC1B29EDE2B /* Accounts.framework */; settings = {ATTRIBUTES = (Weak, ); }; };
		37A1CA7D4FC944938A9BF0DC /* FacebookConnectPlugin.m in Sources */ = {isa = PBXBuildFile; fileRef = 6B27A0B3BE7D4FD9A3B1D9E4 /* FacebookConnectPlugin.m */; };
		38661E9AA9604C848A28D0D2 /* libz.dylib in Frameworks */ = {isa = PBXBuildFile; fileRef = E1C8F783EA1E4E45BFAE3A5F /* libz.dylib */; };
		4241BE3D3C3044289710DE4A /* CDVInAppBrowser.m in Sources */ = {isa = PBXBuildFile; fileRef = 80936ED5A9AF46119BB39D29 /* CDVInAppBrowser.m */; };
		46AD86CB051144F6B597D83D /* GoogleMaps.m in Sources */ = {isa = PBXBuildFile; fileRef = 9D012ACEE70641F09F766862 /* GoogleMaps.m */; };
		4C84F9E6B5184A2F8C3AEEDF /* IonicKeyboard.m in Sources */ = {isa = PBXBuildFile; fileRef = 3737B8B93BA54BD2A43604C2 /* IonicKeyboard.m */; };
		4F1D6E21723D4205ABE6FCAD /* MyPluginLayer.m in Sources */ = {isa = PBXBuildFile; fileRef = F2BACECAC92D439E889C8059 /* MyPluginLayer.m */; };
		512F8F70F3DB4B028ACB93AD /* CoreLocation.framework in Frameworks */ = {isa = PBXBuildFile; fileRef = 854FA99D2AF74631ABD3971E /* CoreLocation.framework */; };
		53FD4D928DBF49EAA7C27B72 /* AVFoundation.framework in Frameworks */ = {isa = PBXBuildFile; fileRef = A54120423286413BB0F38F09 /* AVFoundation.framework */; };
		54913D842DD747B08499E4B6 /* QuartzCore.framework in Frameworks */ = {isa = PBXBuildFile; fileRef = 336DADB4C88F4641A9983A85 /* QuartzCore.framework */; };
		55EBC834879F488C9EE3AD91 /* CDVStatusBar.m in Sources */ = {isa = PBXBuildFile; fileRef = B70BC082BDBA4D778ECEF532 /* CDVStatusBar.m */; };
		560A0B36F3094CBEBA740FF8 /* CDVDevice.m in Sources */ = {isa = PBXBuildFile; fileRef = AACED12DAE33488BB55B5D71 /* CDVDevice.m */; };
		58C133BCA6E345539AF64335 /* GoogleMaps.bundle in Resources */ = {isa = PBXBuildFile; fileRef = 5CE7C0C7667646DB8060A1C6 /* GoogleMaps.bundle */; };
		59DAF6AFC9584D29A541E744 /* KmlOverlay.m in Sources */ = {isa = PBXBuildFile; fileRef = 50DD3E760E88469DAA37FC47 /* KmlOverlay.m */; };
		5B13F6C816BA4704B250103D /* CDVFileTransfer.m in Sources */ = {isa = PBXBuildFile; fileRef = 04ECAC41A146466BA1A5D051 /* CDVFileTransfer.m */; };
		5B1594DD16A7569C00FEF299 /* AssetsLibrary.framework in Frameworks */ = {isa = PBXBuildFile; fileRef = 5B1594DC16A7569C00FEF299 /* AssetsLibrary.framework */; };
		5B1CE731E7B94B57BA49A66B /* NSData+Base64.m in Sources */ = {isa = PBXBuildFile; fileRef = E373F6EBA7B14B6B9BD639F2 /* NSData+Base64.m */; };
		6139788392FC47A0AAF1D618 /* libc++.dylib in Frameworks */ = {isa = PBXBuildFile; fileRef = 5D64ED555D5148BC98322BA9 /* libc++.dylib */; };
		615B3BC269A0437896C5C2B2 /* GoogleMapsViewController.m in Sources */ = {isa = PBXBuildFile; fileRef = C219BB5AFC4E43C880F9DA17 /* GoogleMapsViewController.m */; };
		632D512E9B3C40019EBD6029 /* AdMobMediation.m in Sources */ = {isa = PBXBuildFile; fileRef = DDA30CEABD824AEF8987D188 /* AdMobMediation.m */; };
		6624D937FD014F3F84BB406D /* libGoogleAdMobAds.a in Frameworks */ = {isa = PBXBuildFile; fileRef = CF05C5CCB219495188FDED01 /* libGoogleAdMobAds.a */; };
		6975ECBEFAA94EFBA70F9EA8 /* CDVConnection.m in Sources */ = {isa = PBXBuildFile; fileRef = 3E8E7000AA4D4F3E8651C13C /* CDVConnection.m */; };
		6AF74FE00DE94A4A914AAF11 /* CDVJpegHeaderWriter.m in Sources */ = {isa = PBXBuildFile; fileRef = 8EC799F2F63143438F1F1678 /* CDVJpegHeaderWriter.m */; };
		74AC152CA4D44710AD031425 /* GLKit.framework in Frameworks */ = {isa = PBXBuildFile; fileRef = 6F025729E6FF44228DF2248D /* GLKit.framework */; };
		752384C91A364FB09F0DB573 /* libicucore.dylib in Frameworks */ = {isa = PBXBuildFile; fileRef = 3DF01E0F4EDA46CF96BECDD2 /* libicucore.dylib */; };
		75A60D2DCA734E98A2C13FEF /* libCordovaGenericAd.a in Frameworks */ = {isa = PBXBuildFile; fileRef = 2E298E015D6B422ABAB76AB5 /* libCordovaGenericAd.a */; };
		7967B2DD68F444899457E687 /* TBXML.m in Sources */ = {isa = PBXBuildFile; fileRef = 402B5669C69346788D189360 /* TBXML.m */; };
		7A09386AD04248C9984E19D2 /* PluginUtil.m in Sources */ = {isa = PBXBuildFile; fileRef = 2866B8658DCD4EB2AE80830E /* PluginUtil.m */; };
		7D8561C44F7247F0A93AF63A /* Polyline.m in Sources */ = {isa = PBXBuildFile; fileRef = EFAA88D2C98A480381B5B13D /* Polyline.m */; };
		7E7966DE1810823500FA85AD /* icon-40.png in Resources */ = {isa = PBXBuildFile; fileRef = 7E7966D41810823500FA85AD /* icon-40.png */; };
		7E7966DF1810823500FA85AD /* icon-40@2x.png in Resources */ = {isa = PBXBuildFile; fileRef = 7E7966D51810823500FA85AD /* icon-40@2x.png */; };
		7E7966E01810823500FA85AD /* icon-50.png in Resources */ = {isa = PBXBuildFile; fileRef = 7E7966D61810823500FA85AD /* icon-50.png */; };
		7E7966E11810823500FA85AD /* icon-50@2x.png in Resources */ = {isa = PBXBuildFile; fileRef = 7E7966D71810823500FA85AD /* icon-50@2x.png */; };
		7E7966E21810823500FA85AD /* icon-60.png in Resources */ = {isa = PBXBuildFile; fileRef = 7E7966D81810823500FA85AD /* icon-60.png */; };
		7E7966E31810823500FA85AD /* icon-60@2x.png in Resources */ = {isa = PBXBuildFile; fileRef = 7E7966D91810823500FA85AD /* icon-60@2x.png */; };
		7E7966E41810823500FA85AD /* icon-76.png in Resources */ = {isa = PBXBuildFile; fileRef = 7E7966DA1810823500FA85AD /* icon-76.png */; };
		7E7966E51810823500FA85AD /* icon-76@2x.png in Resources */ = {isa = PBXBuildFile; fileRef = 7E7966DB1810823500FA85AD /* icon-76@2x.png */; };
		7E7966E61810823500FA85AD /* icon-small.png in Resources */ = {isa = PBXBuildFile; fileRef = 7E7966DC1810823500FA85AD /* icon-small.png */; };
		7E7966E71810823500FA85AD /* icon-small@2x.png in Resources */ = {isa = PBXBuildFile; fileRef = 7E7966DD1810823500FA85AD /* icon-small@2x.png */; };
		86E5F71739FD4EBEB10E25B3 /* StoreKit.framework in Frameworks */ = {isa = PBXBuildFile; fileRef = B5137B4F2E364B1683FF3A9A /* StoreKit.framework */; };
		906AE6F460614AC099299358 /* MyPluginScrollView.m in Sources */ = {isa = PBXBuildFile; fileRef = 64A8E5A773AE4B81A54F3876 /* MyPluginScrollView.m */; };
		919EEA2D0764485E8FD42B13 /* libsqlite3.dylib in Frameworks */ = {isa = PBXBuildFile; fileRef = 378124B9F786473395445F40 /* libsqlite3.dylib */; };
		957FD69B540C479DB888BF71 /* DatePicker.m in Sources */ = {isa = PBXBuildFile; fileRef = C8094229C96C42A68F818196 /* DatePicker.m */; };
		96DBC97F18E247798DB283E4 /* MyReachability.m in Sources */ = {isa = PBXBuildFile; fileRef = 9539260185B04C2FA9DFECC6 /* MyReachability.m */; };
		9D5D68BEE2C1431AB3153ED3 /* SocialSharing.m in Sources */ = {isa = PBXBuildFile; fileRef = D9B77E7098F14E0BB85034A5 /* SocialSharing.m */; };
		A02ED0A904EF40A79480E145 /* CDVLocalFilesystem.m in Sources */ = {isa = PBXBuildFile; fileRef = 3CD7C699508D43F59512B851 /* CDVLocalFilesystem.m */; };
		A212F3429035489886F08C48 /* BSD-LICENSE in Sources */ = {isa = PBXBuildFile; fileRef = 7169E8BE0FCD4FA29E0A124F /* BSD-LICENSE */; };
		A374E9069A2C42BEB630E6F9 /* UIWebViewExtension.m in Sources */ = {isa = PBXBuildFile; fileRef = D4A46E2C0CEB45C99AB9C0C2 /* UIWebViewExtension.m */; };
		A5F11731A38543279961096A /* CDVCamera.m in Sources */ = {isa = PBXBuildFile; fileRef = 106F2E75A9A142DABD27C621 /* CDVCamera.m */; };
		A970350B8713479CB5835949 /* Social.framework in Frameworks */ = {isa = PBXBuildFile; fileRef = 489D397816CA475B87E68BEF /* Social.framework */; settings = {ATTRIBUTES = (Weak, ); }; };
		B01A33F5A5494722980BA93B /* TileOverlay.m in Sources */ = {isa = PBXBuildFile; fileRef = A99D43FFF7564D25B9CBF6CF /* TileOverlay.m */; };
		B1FA7FCF21294BB0A18CEE05 /* CoreData.framework in Frameworks */ = {isa = PBXBuildFile; fileRef = 90424539920B4401856F5941 /* CoreData.framework */; };
		B24B00333D25414F81500439 /* Security.framework in Frameworks */ = {isa = PBXBuildFile; fileRef = 21E8B6D74FE14545953DBEDA /* Security.framework */; settings = {ATTRIBUTES = (Weak, ); }; };
		B404178B270641C08AE92DC1 /* README in Sources */ = {isa = PBXBuildFile; fileRef = C61B7EE557ED4EC597BC1817 /* README */; };
		B407B95356B04712B5FCD75F /* R9HTTPRequest.m in Sources */ = {isa = PBXBuildFile; fileRef = D68A447CDB0141DA9795BD5E /* R9HTTPRequest.m */; };
		B51F9E22AA604FE691777C88 /* FacebookSDK.framework in Frameworks */ = {isa = PBXBuildFile; fileRef = 5BB29494AAD1498EA62104B3 /* FacebookSDK.framework */; };
		C153C4C082D5421E95C2B24D /* Foundation.framework in Frameworks */ = {isa = PBXBuildFile; fileRef = 49AEA4C543834DBA9B2CF551 /* Foundation.framework */; };
		C4029AE11C8E493691F254E2 /* UIKit.framework in Frameworks */ = {isa = PBXBuildFile; fileRef = 225D5D0FFF5A4EDF8D507101 /* UIKit.framework */; };
		C4163825AF5B42C98E880208 /* Map.m in Sources */ = {isa = PBXBuildFile; fileRef = EFC6348BA3EA40E89DBFCC7F /* Map.m */; };
		C43AAF5B5FA247739EC57B23 /* CoreText.framework in Frameworks */ = {isa = PBXBuildFile; fileRef = 0CD6A42CB3004BE39B9EDA08 /* CoreText.framework */; };
		C698531267E843EF9BA70E02 /* External.m in Sources */ = {isa = PBXBuildFile; fileRef = 8F1E662F3AFB4B578B2A3880 /* External.m */; };
		CC3ACD005DB74D2B93350E76 /* CDVLogger.m in Sources */ = {isa = PBXBuildFile; fileRef = B72FA02D555E4B9999FF8A6A /* CDVLogger.m */; };
		D161989353684D5699019F8F /* DatePicker.xib in Resources */ = {isa = PBXBuildFile; fileRef = A8F83093AE564F02B1B42D16 /* DatePicker.xib */; };
		D26BD451D1F14166A2043D83 /* CDVSplashScreen.m in Sources */ = {isa = PBXBuildFile; fileRef = 3D6A1C2EDC3A4518B18C8423 /* CDVSplashScreen.m */; };
		D4A0D8761607E02300AEF8BB /* Default-568h@2x~iphone.png in Resources */ = {isa = PBXBuildFile; fileRef = D4A0D8751607E02300AEF8BB /* Default-568h@2x~iphone.png */; };
		D4AF2F33E0B64B0EBDCB6DED /* SystemConfiguration.framework in Frameworks */ = {isa = PBXBuildFile; fileRef = 0F65E89885734D73B8920EB2 /* SystemConfiguration.framework */; };
		D596D2A91A5C8B0D002F9E64 /* DistimoSDK.framework in Frameworks */ = {isa = PBXBuildFile; fileRef = D596D2A81A5C8B0D002F9E64 /* DistimoSDK.framework */; };
		D5DE1E5E1A5C853800021766 /* Images.xcassets in Resources */ = {isa = PBXBuildFile; fileRef = D5DE1E5D1A5C853800021766 /* Images.xcassets */; };
		DD756363E01642489A544180 /* HttpRequest.m in Sources */ = {isa = PBXBuildFile; fileRef = 77A97FBFD6CF4FA296FF2F64 /* HttpRequest.m */; };
		F0049A2CE7DE46F7ACABC838 /* CDVAssetLibraryFilesystem.m in Sources */ = {isa = PBXBuildFile; fileRef = 3F0AB6172F1244DC8F2E568C /* CDVAssetLibraryFilesystem.m */; };
		F09F7BAC8B024359A99900BA /* Geocoder.m in Sources */ = {isa = PBXBuildFile; fileRef = 1E4CB38269C04B8F93DE5F15 /* Geocoder.m */; };
		F144E7C00B614761B03C695C /* MyPluginLayerDebugView.m in Sources */ = {isa = PBXBuildFile; fileRef = E8F97A0D5D99435CA1B91A0E /* MyPluginLayerDebugView.m */; };
		F1DDDA03432E40E0A09A6B52 /* CDVPluginExt.m in Sources */ = {isa = PBXBuildFile; fileRef = 81996CCCC49E422790FA714E /* CDVPluginExt.m */; };
		F556D174F4EC4F1AB7F5EC16 /* Polygon.m in Sources */ = {isa = PBXBuildFile; fileRef = 751AB58B427445179CABECB9 /* Polygon.m */; };
		F76600197C1547A3826574A6 /* GroundOverlay.m in Sources */ = {isa = PBXBuildFile; fileRef = 13A552913859428CA702D6DD /* GroundOverlay.m */; };
		F89036B61061480AAB28AB96 /* MessageUI.framework in Frameworks */ = {isa = PBXBuildFile; fileRef = 88EF74831A654A83BA2AFF5F /* MessageUI.framework */; };
/* End PBXBuildFile section */

/* Begin PBXContainerItemProxy section */
		301BF534109A57CC0062928A /* PBXContainerItemProxy */ = {
			isa = PBXContainerItemProxy;
			containerPortal = 301BF52D109A57CC0062928A /* CordovaLib.xcodeproj */;
			proxyType = 2;
			remoteGlobalIDString = D2AAC07E0554694100DB518D;
			remoteInfo = CordovaLib;
		};
		301BF550109A68C00062928A /* PBXContainerItemProxy */ = {
			isa = PBXContainerItemProxy;
			containerPortal = 301BF52D109A57CC0062928A /* CordovaLib.xcodeproj */;
			proxyType = 1;
			remoteGlobalIDString = D2AAC07D0554694100DB518D;
			remoteInfo = CordovaLib;
		};
/* End PBXContainerItemProxy section */

/* Begin PBXFileReference section */
		01456A3C038C48D78C9D8572 /* EventKit.framework */ = {isa = PBXFileReference; fileEncoding = 4; lastKnownFileType = wrapper.framework; name = EventKit.framework; path = System/Library/Frameworks/EventKit.framework; sourceTree = SDKROOT; };
		0394552951A6484FBB255A7F /* GADSearchRequest.h */ = {isa = PBXFileReference; fileEncoding = 4; lastKnownFileType = sourcecode.c.h; name = GADSearchRequest.h; path = com.google.admobsdk/GADSearchRequest.h; sourceTree = "<group>"; };
		04ECAC41A146466BA1A5D051 /* CDVFileTransfer.m */ = {isa = PBXFileReference; fileEncoding = 4; lastKnownFileType = sourcecode.c.objc; name = CDVFileTransfer.m; path = "org.apache.cordova.file-transfer/CDVFileTransfer.m"; sourceTree = "<group>"; };
		07A8194FF2CF4FC7AF7912EF /* CDVSplashScreen.h */ = {isa = PBXFileReference; fileEncoding = 4; lastKnownFileType = sourcecode.c.h; name = CDVSplashScreen.h; path = org.apache.cordova.splashscreen/CDVSplashScreen.h; sourceTree = "<group>"; };
		0861EA7AC5EF4A259EEA8ACC /* CDVConnection.h */ = {isa = PBXFileReference; fileEncoding = 4; lastKnownFileType = sourcecode.c.h; name = CDVConnection.h; path = "org.apache.cordova.network-information/CDVConnection.h"; sourceTree = "<group>"; };
		0C45B554044E4AA69B97D298 /* GADInterstitialDelegate.h */ = {isa = PBXFileReference; fileEncoding = 4; lastKnownFileType = sourcecode.c.h; name = GADInterstitialDelegate.h; path = com.google.admobsdk/GADInterstitialDelegate.h; sourceTree = "<group>"; };
		0CAB0C56EE8D4BFA8CC82104 /* MyPluginScrollView.h */ = {isa = PBXFileReference; fileEncoding = 4; lastKnownFileType = sourcecode.c.h; name = MyPluginScrollView.h; path = plugin.google.maps/MyPluginScrollView.h; sourceTree = "<group>"; };
		0CD6A42CB3004BE39B9EDA08 /* CoreText.framework */ = {isa = PBXFileReference; fileEncoding = 4; lastKnownFileType = wrapper.framework; name = CoreText.framework; path = System/Library/Frameworks/CoreText.framework; sourceTree = SDKROOT; };
		0F65E89885734D73B8920EB2 /* SystemConfiguration.framework */ = {isa = PBXFileReference; fileEncoding = 4; lastKnownFileType = wrapper.framework; name = SystemConfiguration.framework; path = System/Library/Frameworks/SystemConfiguration.framework; sourceTree = SDKROOT; };
		106F2E75A9A142DABD27C621 /* CDVCamera.m */ = {isa = PBXFileReference; fileEncoding = 4; lastKnownFileType = sourcecode.c.objc; name = CDVCamera.m; path = org.apache.cordova.camera/CDVCamera.m; sourceTree = "<group>"; };
		13A552913859428CA702D6DD /* GroundOverlay.m */ = {isa = PBXFileReference; fileEncoding = 4; lastKnownFileType = sourcecode.c.objc; name = GroundOverlay.m; path = plugin.google.maps/GroundOverlay.m; sourceTree = "<group>"; };
		16C81C975DDF455383EE59ED /* CDVCamera.h */ = {isa = PBXFileReference; fileEncoding = 4; lastKnownFileType = sourcecode.c.h; name = CDVCamera.h; path = org.apache.cordova.camera/CDVCamera.h; sourceTree = "<group>"; };
		17126EB1CC5448F48E243D19 /* External.h */ = {isa = PBXFileReference; fileEncoding = 4; lastKnownFileType = sourcecode.c.h; name = External.h; path = plugin.google.maps/External.h; sourceTree = "<group>"; };
		175625FB0C7E4DBDA24E8C85 /* TileOverlay.h */ = {isa = PBXFileReference; fileEncoding = 4; lastKnownFileType = sourcecode.c.h; name = TileOverlay.h; path = plugin.google.maps/TileOverlay.h; sourceTree = "<group>"; };
		17FF7B080E71451BBAABAC87 /* GADSearchBannerView.h */ = {isa = PBXFileReference; fileEncoding = 4; lastKnownFileType = sourcecode.c.h; name = GADSearchBannerView.h; path = com.google.admobsdk/GADSearchBannerView.h; sourceTree = "<group>"; };
		1B0DFAB5F51C4CFF81399CC9 /* GADAdNetworkExtras.h */ = {isa = PBXFileReference; fileEncoding = 4; lastKnownFileType = sourcecode.c.h; name = GADAdNetworkExtras.h; path = com.google.admobsdk/GADAdNetworkExtras.h; sourceTree = "<group>"; };
		1C43C0AD0F75404ABA547256 /* GADCustomEventRequest.h */ = {isa = PBXFileReference; fileEncoding = 4; lastKnownFileType = sourcecode.c.h; name = GADCustomEventRequest.h; path = com.google.admobsdk/GADCustomEventRequest.h; sourceTree = "<group>"; };
		1D3623240D0F684500981E51 /* AppDelegate.h */ = {isa = PBXFileReference; fileEncoding = 4; lastKnownFileType = sourcecode.c.h; path = AppDelegate.h; sourceTree = "<group>"; };
		1D3623250D0F684500981E51 /* AppDelegate.m */ = {isa = PBXFileReference; fileEncoding = 4; lastKnownFileType = sourcecode.c.objc; path = AppDelegate.m; sourceTree = "<group>"; };
		1D6058910D05DD3D006BFB54 /* HungryHaven.app */ = {isa = PBXFileReference; explicitFileType = wrapper.application; includeInIndex = 0; path = HungryHaven.app; sourceTree = BUILT_PRODUCTS_DIR; };
		1E4CB38269C04B8F93DE5F15 /* Geocoder.m */ = {isa = PBXFileReference; fileEncoding = 4; lastKnownFileType = sourcecode.c.objc; name = Geocoder.m; path = plugin.google.maps/Geocoder.m; sourceTree = "<group>"; };
		1F766FDD13BBADB100FB74C0 /* en */ = {isa = PBXFileReference; lastKnownFileType = text.plist.strings; name = en; path = Localizable.strings; sourceTree = "<group>"; };
		1F766FE013BBADB100FB74C0 /* es */ = {isa = PBXFileReference; lastKnownFileType = text.plist.strings; name = es; path = Localizable.strings; sourceTree = "<group>"; };
		1FAB20653F564AA5AD078062 /* GoogleMapsViewController.h */ = {isa = PBXFileReference; fileEncoding = 4; lastKnownFileType = sourcecode.c.h; name = GoogleMapsViewController.h; path = plugin.google.maps/GoogleMapsViewController.h; sourceTree = "<group>"; };
		21E3C504F64C450AA8076ACE /* CDVLocation.m */ = {isa = PBXFileReference; fileEncoding = 4; lastKnownFileType = sourcecode.c.objc; name = CDVLocation.m; path = org.apache.cordova.geolocation/CDVLocation.m; sourceTree = "<group>"; };
		21E8B6D74FE14545953DBEDA /* Security.framework */ = {isa = PBXFileReference; fileEncoding = 4; lastKnownFileType = wrapper.framework; name = Security.framework; path = System/Library/Frameworks/Security.framework; sourceTree = SDKROOT; };
		225D5D0FFF5A4EDF8D507101 /* UIKit.framework */ = {isa = PBXFileReference; fileEncoding = 4; lastKnownFileType = wrapper.framework; name = UIKit.framework; path = System/Library/Frameworks/UIKit.framework; sourceTree = SDKROOT; };
		2866B8658DCD4EB2AE80830E /* PluginUtil.m */ = {isa = PBXFileReference; fileEncoding = 4; lastKnownFileType = sourcecode.c.objc; name = PluginUtil.m; path = plugin.google.maps/PluginUtil.m; sourceTree = "<group>"; };
		287FFD4DC3F7458C8A1DF2DB /* DFPSwipeableBannerView.h */ = {isa = PBXFileReference; fileEncoding = 4; lastKnownFileType = sourcecode.c.h; name = DFPSwipeableBannerView.h; path = com.google.admobsdk/DFPSwipeableBannerView.h; sourceTree = "<group>"; };
		288765FC0DF74451002DB57D /* CoreGraphics.framework */ = {isa = PBXFileReference; lastKnownFileType = wrapper.framework; name = CoreGraphics.framework; path = System/Library/Frameworks/CoreGraphics.framework; sourceTree = SDKROOT; };
		29B97316FDCFA39411CA2CEA /* main.m */ = {isa = PBXFileReference; fileEncoding = 4; lastKnownFileType = sourcecode.c.objc; path = main.m; sourceTree = "<group>"; };
		2B145E13FE384A0CA3294A48 /* Geocoder.h */ = {isa = PBXFileReference; fileEncoding = 4; lastKnownFileType = sourcecode.c.h; name = Geocoder.h; path = plugin.google.maps/Geocoder.h; sourceTree = "<group>"; };
		2BA7CF89FD174AAF9400BE8E /* GADCustomEventInterstitial.h */ = {isa = PBXFileReference; fileEncoding = 4; lastKnownFileType = sourcecode.c.h; name = GADCustomEventInterstitial.h; path = com.google.admobsdk/GADCustomEventInterstitial.h; sourceTree = "<group>"; };
		2E298E015D6B422ABAB76AB5 /* libCordovaGenericAd.a */ = {isa = PBXFileReference; fileEncoding = 4; lastKnownFileType = archive.ar; name = libCordovaGenericAd.a; path = HungryHaven/Plugins/com.rjfun.cordova.extension/libCordovaGenericAd.a; sourceTree = "<group>"; };
		301BF52D109A57CC0062928A /* CordovaLib.xcodeproj */ = {isa = PBXFileReference; lastKnownFileType = "wrapper.pb-project"; name = CordovaLib.xcodeproj; path = CordovaLib/CordovaLib.xcodeproj; sourceTree = "<group>"; };
		301BF56E109A69640062928A /* www */ = {isa = PBXFileReference; lastKnownFileType = folder; path = www; sourceTree = SOURCE_ROOT; };
		302D95EE14D2391D003F00A1 /* MainViewController.h */ = {isa = PBXFileReference; fileEncoding = 4; lastKnownFileType = sourcecode.c.h; path = MainViewController.h; sourceTree = "<group>"; };
		302D95EF14D2391D003F00A1 /* MainViewController.m */ = {isa = PBXFileReference; fileEncoding = 4; lastKnownFileType = sourcecode.c.objc; path = MainViewController.m; sourceTree = "<group>"; };
		302D95F014D2391D003F00A1 /* MainViewController.xib */ = {isa = PBXFileReference; fileEncoding = 4; lastKnownFileType = file.xib; path = MainViewController.xib; sourceTree = "<group>"; };
		305D5FD0115AB8F900A74A75 /* MobileCoreServices.framework */ = {isa = PBXFileReference; lastKnownFileType = wrapper.framework; name = MobileCoreServices.framework; path = System/Library/Frameworks/MobileCoreServices.framework; sourceTree = SDKROOT; };
		3088BBB7154F3926009F9C59 /* Default-Landscape@2x~ipad.png */ = {isa = PBXFileReference; lastKnownFileType = image.png; path = "Default-Landscape@2x~ipad.png"; sourceTree = "<group>"; };
		3088BBB8154F3926009F9C59 /* Default-Landscape~ipad.png */ = {isa = PBXFileReference; lastKnownFileType = image.png; path = "Default-Landscape~ipad.png"; sourceTree = "<group>"; };
		3088BBB9154F3926009F9C59 /* Default-Portrait@2x~ipad.png */ = {isa = PBXFileReference; lastKnownFileType = image.png; path = "Default-Portrait@2x~ipad.png"; sourceTree = "<group>"; };
		3088BBBA154F3926009F9C59 /* Default-Portrait~ipad.png */ = {isa = PBXFileReference; lastKnownFileType = image.png; path = "Default-Portrait~ipad.png"; sourceTree = "<group>"; };
		3088BBBB154F3926009F9C59 /* Default@2x~iphone.png */ = {isa = PBXFileReference; lastKnownFileType = image.png; path = "Default@2x~iphone.png"; sourceTree = "<group>"; };
		3088BBBC154F3926009F9C59 /* Default~iphone.png */ = {isa = PBXFileReference; lastKnownFileType = image.png; path = "Default~iphone.png"; sourceTree = "<group>"; };
		308D052E1370CCF300D202BF /* icon-72.png */ = {isa = PBXFileReference; lastKnownFileType = image.png; path = "icon-72.png"; sourceTree = "<group>"; };
		308D052F1370CCF300D202BF /* icon.png */ = {isa = PBXFileReference; lastKnownFileType = image.png; path = icon.png; sourceTree = "<group>"; };
		308D05301370CCF300D202BF /* icon@2x.png */ = {isa = PBXFileReference; lastKnownFileType = image.png; path = "icon@2x.png"; sourceTree = "<group>"; };
		30A0434414DC770100060A13 /* de */ = {isa = PBXFileReference; lastKnownFileType = text.plist.strings; name = de; path = Localizable.strings; sourceTree = "<group>"; };
		30A0434714DC770100060A13 /* se */ = {isa = PBXFileReference; lastKnownFileType = text.plist.strings; name = se; path = Localizable.strings; sourceTree = "<group>"; };
		30C9B5C4D440433EBBAD9E09 /* NSData+Base64.podspec */ = {isa = PBXFileReference; fileEncoding = 4; lastKnownFileType = unknown; name = "NSData+Base64.podspec"; path = "plugin.google.maps/NSData+Base64.podspec"; sourceTree = "<group>"; };
		30FC414816E50CA1004E6F35 /* icon-72@2x.png */ = {isa = PBXFileReference; lastKnownFileType = image.png; path = "icon-72@2x.png"; sourceTree = "<group>"; };
		32CA4F630368D1EE00C91783 /* HungryHaven-Prefix.pch */ = {isa = PBXFileReference; fileEncoding = 4; lastKnownFileType = sourcecode.c.h; path = "HungryHaven-Prefix.pch"; sourceTree = "<group>"; };
		3369E6493FB54A5CBD1AEAD3 /* GADAdSizeDelegate.h */ = {isa = PBXFileReference; fileEncoding = 4; lastKnownFileType = sourcecode.c.h; name = GADAdSizeDelegate.h; path = com.google.admobsdk/GADAdSizeDelegate.h; sourceTree = "<group>"; };
		336DADB4C88F4641A9983A85 /* QuartzCore.framework */ = {isa = PBXFileReference; fileEncoding = 4; lastKnownFileType = wrapper.framework; name = QuartzCore.framework; path = System/Library/Frameworks/QuartzCore.framework; sourceTree = SDKROOT; };
		3737B8B93BA54BD2A43604C2 /* IonicKeyboard.m */ = {isa = PBXFileReference; fileEncoding = 4; lastKnownFileType = sourcecode.c.objc; name = IonicKeyboard.m; path = com.ionic.keyboard/IonicKeyboard.m; sourceTree = "<group>"; };
		378124B9F786473395445F40 /* libsqlite3.dylib */ = {isa = PBXFileReference; fileEncoding = 4; lastKnownFileType = "compiled.mach-o.dylib"; name = libsqlite3.dylib; path = usr/lib/libsqlite3.dylib; sourceTree = SDKROOT; };
		39BEFE7E4FB442FEBDD5FFEF /* TBXML.h */ = {isa = PBXFileReference; fileEncoding = 4; lastKnownFileType = sourcecode.c.h; name = TBXML.h; path = plugin.google.maps/TBXML.h; sourceTree = "<group>"; };
		3BBDD54A5C9740148DC20691 /* Circle.m */ = {isa = PBXFileReference; fileEncoding = 4; lastKnownFileType = sourcecode.c.objc; name = Circle.m; path = plugin.google.maps/Circle.m; sourceTree = "<group>"; };
		3CD7C699508D43F59512B851 /* CDVLocalFilesystem.m */ = {isa = PBXFileReference; fileEncoding = 4; lastKnownFileType = sourcecode.c.objc; name = CDVLocalFilesystem.m; path = org.apache.cordova.file/CDVLocalFilesystem.m; sourceTree = "<group>"; };
		3D5937ED2FC144A5BD4220B8 /* GADInAppPurchaseDelegate.h */ = {isa = PBXFileReference; fileEncoding = 4; lastKnownFileType = sourcecode.c.h; name = GADInAppPurchaseDelegate.h; path = com.google.admobsdk/GADInAppPurchaseDelegate.h; sourceTree = "<group>"; };
		3D6A1C2EDC3A4518B18C8423 /* CDVSplashScreen.m */ = {isa = PBXFileReference; fileEncoding = 4; lastKnownFileType = sourcecode.c.objc; name = CDVSplashScreen.m; path = org.apache.cordova.splashscreen/CDVSplashScreen.m; sourceTree = "<group>"; };
		3DF01E0F4EDA46CF96BECDD2 /* libicucore.dylib */ = {isa = PBXFileReference; fileEncoding = 4; lastKnownFileType = "compiled.mach-o.dylib"; name = libicucore.dylib; path = usr/lib/libicucore.dylib; sourceTree = SDKROOT; };
		3E8E7000AA4D4F3E8651C13C /* CDVConnection.m */ = {isa = PBXFileReference; fileEncoding = 4; lastKnownFileType = sourcecode.c.objc; name = CDVConnection.m; path = "org.apache.cordova.network-information/CDVConnection.m"; sourceTree = "<group>"; };
		3F0AB6172F1244DC8F2E568C /* CDVAssetLibraryFilesystem.m */ = {isa = PBXFileReference; fileEncoding = 4; lastKnownFileType = sourcecode.c.objc; name = CDVAssetLibraryFilesystem.m; path = org.apache.cordova.file/CDVAssetLibraryFilesystem.m; sourceTree = "<group>"; };
		402B5669C69346788D189360 /* TBXML.m */ = {isa = PBXFileReference; fileEncoding = 4; lastKnownFileType = sourcecode.c.objc; name = TBXML.m; path = plugin.google.maps/TBXML.m; sourceTree = "<group>"; };
		433C22D9D5A442FA95C12CDF /* CDVFile.m */ = {isa = PBXFileReference; fileEncoding = 4; lastKnownFileType = sourcecode.c.objc; name = CDVFile.m; path = org.apache.cordova.file/CDVFile.m; sourceTree = "<group>"; };
		484DD6DFB8344CA281689602 /* ImageIO.framework */ = {isa = PBXFileReference; fileEncoding = 4; lastKnownFileType = wrapper.framework; name = ImageIO.framework; path = System/Library/Frameworks/ImageIO.framework; sourceTree = SDKROOT; };
		489D397816CA475B87E68BEF /* Social.framework */ = {isa = PBXFileReference; fileEncoding = 4; lastKnownFileType = wrapper.framework; name = Social.framework; path = System/Library/Frameworks/Social.framework; sourceTree = SDKROOT; };
		49AEA4C543834DBA9B2CF551 /* Foundation.framework */ = {isa = PBXFileReference; fileEncoding = 4; lastKnownFileType = wrapper.framework; name = Foundation.framework; path = System/Library/Frameworks/Foundation.framework; sourceTree = SDKROOT; };
		4CD8CCBDCC0541B1B266E8E4 /* Map.h */ = {isa = PBXFileReference; fileEncoding = 4; lastKnownFileType = sourcecode.c.h; name = Map.h; path = plugin.google.maps/Map.h; sourceTree = "<group>"; };
		4F62FD3A80D34D6B9AC918DC /* MyReachability.h */ = {isa = PBXFileReference; fileEncoding = 4; lastKnownFileType = sourcecode.c.h; name = MyReachability.h; path = plugin.google.maps/MyReachability.h; sourceTree = "<group>"; };
		50DD3E760E88469DAA37FC47 /* KmlOverlay.m */ = {isa = PBXFileReference; fileEncoding = 4; lastKnownFileType = sourcecode.c.objc; name = KmlOverlay.m; path = plugin.google.maps/KmlOverlay.m; sourceTree = "<group>"; };
		54C1F053F40F4A4B95BAC669 /* MyPluginLayerDebugView.h */ = {isa = PBXFileReference; fileEncoding = 4; lastKnownFileType = sourcecode.c.h; name = MyPluginLayerDebugView.h; path = plugin.google.maps/MyPluginLayerDebugView.h; sourceTree = "<group>"; };
		566DC8CF8618451BB164520B /* GADModules.h */ = {isa = PBXFileReference; fileEncoding = 4; lastKnownFileType = sourcecode.c.h; name = GADModules.h; path = com.google.admobsdk/GADModules.h; sourceTree = "<group>"; };
		56C9A68C87A94A639AC93BC0 /* CDVReachability.m */ = {isa = PBXFileReference; fileEncoding = 4; lastKnownFileType = sourcecode.c.objc; name = CDVReachability.m; path = "org.apache.cordova.network-information/CDVReachability.m"; sourceTree = "<group>"; };
		58E4928241F543F395FB2CAE /* DFPInterstitial.h */ = {isa = PBXFileReference; fileEncoding = 4; lastKnownFileType = sourcecode.c.h; name = DFPInterstitial.h; path = com.google.admobsdk/DFPInterstitial.h; sourceTree = "<group>"; };
		5B1594DC16A7569C00FEF299 /* AssetsLibrary.framework */ = {isa = PBXFileReference; lastKnownFileType = wrapper.framework; name = AssetsLibrary.framework; path = System/Library/Frameworks/AssetsLibrary.framework; sourceTree = SDKROOT; };
		5BB29494AAD1498EA62104B3 /* FacebookSDK.framework */ = {isa = PBXFileReference; lastKnownFileType = wrapper.framework; name = FacebookSDK.framework; path = HungryHaven/Plugins/com.phonegap.plugins.facebookconnect/FacebookSDK.framework; sourceTree = "<group>"; };
		5CB383A677D24A3DA17456B5 /* PluginUtil.h */ = {isa = PBXFileReference; fileEncoding = 4; lastKnownFileType = sourcecode.c.h; name = PluginUtil.h; path = plugin.google.maps/PluginUtil.h; sourceTree = "<group>"; };
		5CE7C0C7667646DB8060A1C6 /* GoogleMaps.bundle */ = {isa = PBXFileReference; lastKnownFileType = "wrapper.plug-in"; path = GoogleMaps.bundle; sourceTree = "<group>"; };
		5D64ED555D5148BC98322BA9 /* libc++.dylib */ = {isa = PBXFileReference; fileEncoding = 4; lastKnownFileType = "compiled.mach-o.dylib"; name = "libc++.dylib"; path = "usr/lib/libc++.dylib"; sourceTree = SDKROOT; };
		5EEED366518B47CAB646713D /* CDVFile.h */ = {isa = PBXFileReference; fileEncoding = 4; lastKnownFileType = sourcecode.c.h; name = CDVFile.h; path = org.apache.cordova.file/CDVFile.h; sourceTree = "<group>"; };
		5F24436F3D3B49DEBECA12EC /* NSData+Base64.h */ = {isa = PBXFileReference; fileEncoding = 4; lastKnownFileType = sourcecode.c.h; name = "NSData+Base64.h"; path = "plugin.google.maps/NSData+Base64.h"; sourceTree = "<group>"; };
		61F43C0C5E1246A2AE36DDAE /* MyPluginLayer.h */ = {isa = PBXFileReference; fileEncoding = 4; lastKnownFileType = sourcecode.c.h; name = MyPluginLayer.h; path = plugin.google.maps/MyPluginLayer.h; sourceTree = "<group>"; };
		64A8E5A773AE4B81A54F3876 /* MyPluginScrollView.m */ = {isa = PBXFileReference; fileEncoding = 4; lastKnownFileType = sourcecode.c.objc; name = MyPluginScrollView.m; path = plugin.google.maps/MyPluginScrollView.m; sourceTree = "<group>"; };
		66E3E95ABA39474181FB720C /* AdSupport.framework */ = {isa = PBXFileReference; fileEncoding = 4; lastKnownFileType = wrapper.framework; name = AdSupport.framework; path = System/Library/Frameworks/AdSupport.framework; sourceTree = SDKROOT; };
		6AA6CE3E8404417D86E63ED0 /* Marker.h */ = {isa = PBXFileReference; fileEncoding = 4; lastKnownFileType = sourcecode.c.h; name = Marker.h; path = plugin.google.maps/Marker.h; sourceTree = "<group>"; };
		6B27A0B3BE7D4FD9A3B1D9E4 /* FacebookConnectPlugin.m */ = {isa = PBXFileReference; fileEncoding = 4; lastKnownFileType = sourcecode.c.objc; name = FacebookConnectPlugin.m; path = com.phonegap.plugins.facebookconnect/FacebookConnectPlugin.m; sourceTree = "<group>"; };
		6CBB34C46FF44BAFAE823D8E /* CDVAdMobPlugin.h */ = {isa = PBXFileReference; fileEncoding = 4; lastKnownFileType = sourcecode.c.h; name = CDVAdMobPlugin.h; path = com.google.cordova.admob/CDVAdMobPlugin.h; sourceTree = "<group>"; };
		6F025729E6FF44228DF2248D /* GLKit.framework */ = {isa = PBXFileReference; fileEncoding = 4; lastKnownFileType = wrapper.framework; name = GLKit.framework; path = System/Library/Frameworks/GLKit.framework; sourceTree = SDKROOT; };
		7169E8BE0FCD4FA29E0A124F /* BSD-LICENSE */ = {isa = PBXFileReference; fileEncoding = 4; lastKnownFileType = unknown; name = "BSD-LICENSE"; path = "plugin.http.request/HttpRequest/R9HTTPRequest/BSD-LICENSE"; sourceTree = "<group>"; };
		7458E98E083A4D5A8B572B97 /* DatePicker.h */ = {isa = PBXFileReference; fileEncoding = 4; lastKnownFileType = sourcecode.c.h; name = DatePicker.h; path = com.plugin.datepicker/DatePicker.h; sourceTree = "<group>"; };
		74CF1A201E38471295CD8613 /* MyPlgunProtocol.h */ = {isa = PBXFileReference; fileEncoding = 4; lastKnownFileType = sourcecode.c.h; name = MyPlgunProtocol.h; path = plugin.google.maps/MyPlgunProtocol.h; sourceTree = "<group>"; };
		751AB58B427445179CABECB9 /* Polygon.m */ = {isa = PBXFileReference; fileEncoding = 4; lastKnownFileType = sourcecode.c.objc; name = Polygon.m; path = plugin.google.maps/Polygon.m; sourceTree = "<group>"; };
		7531A01B9D774A9EBFC158FC /* GADInterstitial.h */ = {isa = PBXFileReference; fileEncoding = 4; lastKnownFileType = sourcecode.c.h; name = GADInterstitial.h; path = com.google.admobsdk/GADInterstitial.h; sourceTree = "<group>"; };
		75E1EC6ECECE4017B7CFF3FC /* CDVDevice.h */ = {isa = PBXFileReference; fileEncoding = 4; lastKnownFileType = sourcecode.c.h; name = CDVDevice.h; path = org.apache.cordova.device/CDVDevice.h; sourceTree = "<group>"; };
		77A97FBFD6CF4FA296FF2F64 /* HttpRequest.m */ = {isa = PBXFileReference; fileEncoding = 4; lastKnownFileType = sourcecode.c.objc; name = HttpRequest.m; path = plugin.http.request/HttpRequest/HttpRequest.m; sourceTree = "<group>"; };
		7859E6241D8145719CDC2BAD /* OpenGLES.framework */ = {isa = PBXFileReference; fileEncoding = 4; lastKnownFileType = wrapper.framework; name = OpenGLES.framework; path = System/Library/Frameworks/OpenGLES.framework; sourceTree = SDKROOT; };
		7D48DBB1E6CC47B4B0D1CBFD /* CDVExif.h */ = {isa = PBXFileReference; fileEncoding = 4; lastKnownFileType = sourcecode.c.h; name = CDVExif.h; path = org.apache.cordova.camera/CDVExif.h; sourceTree = "<group>"; };
		7DC53117A0E8499987D7C4A2 /* Polygon.h */ = {isa = PBXFileReference; fileEncoding = 4; lastKnownFileType = sourcecode.c.h; name = Polygon.h; path = plugin.google.maps/Polygon.h; sourceTree = "<group>"; };
		7E7966D41810823500FA85AD /* icon-40.png */ = {isa = PBXFileReference; lastKnownFileType = image.png; path = "icon-40.png"; sourceTree = "<group>"; };
		7E7966D51810823500FA85AD /* icon-40@2x.png */ = {isa = PBXFileReference; lastKnownFileType = image.png; path = "icon-40@2x.png"; sourceTree = "<group>"; };
		7E7966D61810823500FA85AD /* icon-50.png */ = {isa = PBXFileReference; lastKnownFileType = image.png; path = "icon-50.png"; sourceTree = "<group>"; };
		7E7966D71810823500FA85AD /* icon-50@2x.png */ = {isa = PBXFileReference; lastKnownFileType = image.png; path = "icon-50@2x.png"; sourceTree = "<group>"; };
		7E7966D81810823500FA85AD /* icon-60.png */ = {isa = PBXFileReference; lastKnownFileType = image.png; path = "icon-60.png"; sourceTree = "<group>"; };
		7E7966D91810823500FA85AD /* icon-60@2x.png */ = {isa = PBXFileReference; lastKnownFileType = image.png; path = "icon-60@2x.png"; sourceTree = "<group>"; };
		7E7966DA1810823500FA85AD /* icon-76.png */ = {isa = PBXFileReference; lastKnownFileType = image.png; path = "icon-76.png"; sourceTree = "<group>"; };
		7E7966DB1810823500FA85AD /* icon-76@2x.png */ = {isa = PBXFileReference; lastKnownFileType = image.png; path = "icon-76@2x.png"; sourceTree = "<group>"; };
		7E7966DC1810823500FA85AD /* icon-small.png */ = {isa = PBXFileReference; lastKnownFileType = image.png; path = "icon-small.png"; sourceTree = "<group>"; };
		7E7966DD1810823500FA85AD /* icon-small@2x.png */ = {isa = PBXFileReference; lastKnownFileType = image.png; path = "icon-small@2x.png"; sourceTree = "<group>"; };
		8092839F04F1411381EC31E3 /* CDVJpegHeaderWriter.h */ = {isa = PBXFileReference; fileEncoding = 4; lastKnownFileType = sourcecode.c.h; name = CDVJpegHeaderWriter.h; path = org.apache.cordova.camera/CDVJpegHeaderWriter.h; sourceTree = "<group>"; };
		80936ED5A9AF46119BB39D29 /* CDVInAppBrowser.m */ = {isa = PBXFileReference; fileEncoding = 4; lastKnownFileType = sourcecode.c.objc; name = CDVInAppBrowser.m; path = org.apache.cordova.inappbrowser/CDVInAppBrowser.m; sourceTree = "<group>"; };
		80DCABA3509C46159E1C6B47 /* GADRequest.h */ = {isa = PBXFileReference; fileEncoding = 4; lastKnownFileType = sourcecode.c.h; name = GADRequest.h; path = com.google.admobsdk/GADRequest.h; sourceTree = "<group>"; };
		81996CCCC49E422790FA714E /* CDVPluginExt.m */ = {isa = PBXFileReference; fileEncoding = 4; lastKnownFileType = sourcecode.c.objc; name = CDVPluginExt.m; path = com.rjfun.cordova.extension/CDVPluginExt.m; sourceTree = "<group>"; };
		854FA99D2AF74631ABD3971E /* CoreLocation.framework */ = {isa = PBXFileReference; fileEncoding = 4; lastKnownFileType = wrapper.framework; name = CoreLocation.framework; path = System/Library/Frameworks/CoreLocation.framework; sourceTree = SDKROOT; };
		8767ED2F19924B779EB8D72C /* GenericAdPlugin.h */ = {isa = PBXFileReference; fileEncoding = 4; lastKnownFileType = sourcecode.c.h; name = GenericAdPlugin.h; path = com.rjfun.cordova.extension/GenericAdPlugin.h; sourceTree = "<group>"; };
		88EF74831A654A83BA2AFF5F /* MessageUI.framework */ = {isa = PBXFileReference; fileEncoding = 4; lastKnownFileType = wrapper.framework; name = MessageUI.framework; path = System/Library/Frameworks/MessageUI.framework; sourceTree = SDKROOT; };
		898653D16B124D3896306B79 /* GADInAppPurchase.h */ = {isa = PBXFileReference; fileEncoding = 4; lastKnownFileType = sourcecode.c.h; name = GADInAppPurchase.h; path = com.google.admobsdk/GADInAppPurchase.h; sourceTree = "<group>"; };
		8D1107310486CEB800E47090 /* HungryHaven-Info.plist */ = {isa = PBXFileReference; fileEncoding = 4; lastKnownFileType = text.plist.xml; name = "HungryHaven-Info.plist"; path = "../HungryHaven-Info.plist"; plistStructureDefinitionIdentifier = "com.apple.xcode.plist.structure-definition.iphone.info-plist"; sourceTree = "<group>"; };
		8DAEB1A0613843C3AA3C4F67 /* GoogleMaps.h */ = {isa = PBXFileReference; fileEncoding = 4; lastKnownFileType = sourcecode.c.h; name = GoogleMaps.h; path = plugin.google.maps/GoogleMaps.h; sourceTree = "<group>"; };
		8E54FFF136D94282A7B19165 /* CDVReachability.h */ = {isa = PBXFileReference; fileEncoding = 4; lastKnownFileType = sourcecode.c.h; name = CDVReachability.h; path = "org.apache.cordova.network-information/CDVReachability.h"; sourceTree = "<group>"; };
		8EC799F2F63143438F1F1678 /* CDVJpegHeaderWriter.m */ = {isa = PBXFileReference; fileEncoding = 4; lastKnownFileType = sourcecode.c.objc; name = CDVJpegHeaderWriter.m; path = org.apache.cordova.camera/CDVJpegHeaderWriter.m; sourceTree = "<group>"; };
		8F1E662F3AFB4B578B2A3880 /* External.m */ = {isa = PBXFileReference; fileEncoding = 4; lastKnownFileType = sourcecode.c.objc; name = External.m; path = plugin.google.maps/External.m; sourceTree = "<group>"; };
		90424539920B4401856F5941 /* CoreData.framework */ = {isa = PBXFileReference; fileEncoding = 4; lastKnownFileType = wrapper.framework; name = CoreData.framework; path = System/Library/Frameworks/CoreData.framework; sourceTree = SDKROOT; };
		909136BD0DE14078B0BF359F /* DFPBannerView.h */ = {isa = PBXFileReference; fileEncoding = 4; lastKnownFileType = sourcecode.c.h; name = DFPBannerView.h; path = com.google.admobsdk/DFPBannerView.h; sourceTree = "<group>"; };
		919DDD9FE1CF4ECE9B4F7AF0 /* GADCustomEventBanner.h */ = {isa = PBXFileReference; fileEncoding = 4; lastKnownFileType = sourcecode.c.h; name = GADCustomEventBanner.h; path = com.google.admobsdk/GADCustomEventBanner.h; sourceTree = "<group>"; };
		92FEDCDC2036498A91054519 /* GADRequestError.h */ = {isa = PBXFileReference; fileEncoding = 4; lastKnownFileType = sourcecode.c.h; name = GADRequestError.h; path = com.google.admobsdk/GADRequestError.h; sourceTree = "<group>"; };
		937432B9CD6F448689DF2E64 /* GADCustomEventBannerDelegate.h */ = {isa = PBXFileReference; fileEncoding = 4; lastKnownFileType = sourcecode.c.h; name = GADCustomEventBannerDelegate.h; path = com.google.admobsdk/GADCustomEventBannerDelegate.h; sourceTree = "<group>"; };
		9421DAC4A3594BAB8D6612E7 /* UIWebViewExtension.h */ = {isa = PBXFileReference; fileEncoding = 4; lastKnownFileType = sourcecode.c.h; name = UIWebViewExtension.h; path = com.ionic.keyboard/UIWebViewExtension.h; sourceTree = "<group>"; };
		9539260185B04C2FA9DFECC6 /* MyReachability.m */ = {isa = PBXFileReference; fileEncoding = 4; lastKnownFileType = sourcecode.c.objc; name = MyReachability.m; path = plugin.google.maps/MyReachability.m; sourceTree = "<group>"; };
		970F5EE242674D558E691276 /* CDVAssetLibraryFilesystem.h */ = {isa = PBXFileReference; fileEncoding = 4; lastKnownFileType = sourcecode.c.h; name = CDVAssetLibraryFilesystem.h; path = org.apache.cordova.file/CDVAssetLibraryFilesystem.h; sourceTree = "<group>"; };
		9D012ACEE70641F09F766862 /* GoogleMaps.m */ = {isa = PBXFileReference; fileEncoding = 4; lastKnownFileType = sourcecode.c.objc; name = GoogleMaps.m; path = plugin.google.maps/GoogleMaps.m; sourceTree = "<group>"; };
		9E69352FD35A434F95875E0A /* CDVInAppBrowser.h */ = {isa = PBXFileReference; fileEncoding = 4; lastKnownFileType = sourcecode.c.h; name = CDVInAppBrowser.h; path = org.apache.cordova.inappbrowser/CDVInAppBrowser.h; sourceTree = "<group>"; };
		9EFDE8F6CE67477AA770CB7E /* CDVLogger.h */ = {isa = PBXFileReference; fileEncoding = 4; lastKnownFileType = sourcecode.c.h; name = CDVLogger.h; path = org.apache.cordova.console/CDVLogger.h; sourceTree = "<group>"; };
		9F241CD8EA0B4F44828ABFAC /* CDVAdMobPlugin.m */ = {isa = PBXFileReference; fileEncoding = 4; lastKnownFileType = sourcecode.c.objc; name = CDVAdMobPlugin.m; path = com.google.cordova.admob/CDVAdMobPlugin.m; sourceTree = "<group>"; };
		A54120423286413BB0F38F09 /* AVFoundation.framework */ = {isa = PBXFileReference; fileEncoding = 4; lastKnownFileType = wrapper.framework; name = AVFoundation.framework; path = System/Library/Frameworks/AVFoundation.framework; sourceTree = SDKROOT; };
		A6239B5AD02245E781D53018 /* GADBannerView.h */ = {isa = PBXFileReference; fileEncoding = 4; lastKnownFileType = sourcecode.c.h; name = GADBannerView.h; path = com.google.admobsdk/GADBannerView.h; sourceTree = "<group>"; };
		A63EB46293424DC1B29EDE2B /* Accounts.framework */ = {isa = PBXFileReference; fileEncoding = 4; lastKnownFileType = wrapper.framework; name = Accounts.framework; path = System/Library/Frameworks/Accounts.framework; sourceTree = SDKROOT; };
		A7D242E8981C40878AC33EA4 /* CoreTelephony.framework */ = {isa = PBXFileReference; fileEncoding = 4; lastKnownFileType = wrapper.framework; name = CoreTelephony.framework; path = System/Library/Frameworks/CoreTelephony.framework; sourceTree = SDKROOT; };
		A8F83093AE564F02B1B42D16 /* DatePicker.xib */ = {isa = PBXFileReference; fileEncoding = 4; lastKnownFileType = file.xib; path = DatePicker.xib; sourceTree = "<group>"; };
		A94F36D818BB482DBC546F34 /* GoogleMaps.framework */ = {isa = PBXFileReference; lastKnownFileType = wrapper.framework; name = GoogleMaps.framework; path = HungryHaven/Plugins/com.googlemaps.ios/GoogleMaps.framework; sourceTree = "<group>"; };
		A99D43FFF7564D25B9CBF6CF /* TileOverlay.m */ = {isa = PBXFileReference; fileEncoding = 4; lastKnownFileType = sourcecode.c.objc; name = TileOverlay.m; path = plugin.google.maps/TileOverlay.m; sourceTree = "<group>"; };
		AACED12DAE33488BB55B5D71 /* CDVDevice.m */ = {isa = PBXFileReference; fileEncoding = 4; lastKnownFileType = sourcecode.c.objc; name = CDVDevice.m; path = org.apache.cordova.device/CDVDevice.m; sourceTree = "<group>"; };
		ADB51220A9FE4A19BFE07981 /* GADCustomEventInterstitialDelegate.h */ = {isa = PBXFileReference; fileEncoding = 4; lastKnownFileType = sourcecode.c.h; name = GADCustomEventInterstitialDelegate.h; path = com.google.admobsdk/GADCustomEventInterstitialDelegate.h; sourceTree = "<group>"; };
		B12D093293134C14A40F1C12 /* AudioToolbox.framework */ = {isa = PBXFileReference; fileEncoding = 4; lastKnownFileType = wrapper.framework; name = AudioToolbox.framework; path = System/Library/Frameworks/AudioToolbox.framework; sourceTree = SDKROOT; };
		B4CDE009AE0246C085E5823B /* R9HTTPRequest.h */ = {isa = PBXFileReference; fileEncoding = 4; lastKnownFileType = sourcecode.c.h; name = R9HTTPRequest.h; path = plugin.http.request/HttpRequest/R9HTTPRequest/R9HTTPRequest.h; sourceTree = "<group>"; };
		B5137B4F2E364B1683FF3A9A /* StoreKit.framework */ = {isa = PBXFileReference; fileEncoding = 4; lastKnownFileType = wrapper.framework; name = StoreKit.framework; path = System/Library/Frameworks/StoreKit.framework; sourceTree = SDKROOT; };
		B6410B405B044B92A3C76916 /* PluginAdapterDelegate.h */ = {isa = PBXFileReference; fileEncoding = 4; lastKnownFileType = sourcecode.c.h; name = PluginAdapterDelegate.h; path = com.rjfun.cordova.extension/PluginAdapterDelegate.h; sourceTree = "<group>"; };
		B70BC082BDBA4D778ECEF532 /* CDVStatusBar.m */ = {isa = PBXFileReference; fileEncoding = 4; lastKnownFileType = sourcecode.c.objc; name = CDVStatusBar.m; path = org.apache.cordova.statusbar/CDVStatusBar.m; sourceTree = "<group>"; };
		B72FA02D555E4B9999FF8A6A /* CDVLogger.m */ = {isa = PBXFileReference; fileEncoding = 4; lastKnownFileType = sourcecode.c.objc; name = CDVLogger.m; path = org.apache.cordova.console/CDVLogger.m; sourceTree = "<group>"; };
		B9CDABA2EB444AB6BC2FBF80 /* KmlOverlay.h */ = {isa = PBXFileReference; fileEncoding = 4; lastKnownFileType = sourcecode.c.h; name = KmlOverlay.h; path = plugin.google.maps/KmlOverlay.h; sourceTree = "<group>"; };
		BA84DAC57A054C10B5E2AE27 /* GADAppEventDelegate.h */ = {isa = PBXFileReference; fileEncoding = 4; lastKnownFileType = sourcecode.c.h; name = GADAppEventDelegate.h; path = com.google.admobsdk/GADAppEventDelegate.h; sourceTree = "<group>"; };
		BFD886D041AD4B8C82258F7B /* Marker.m */ = {isa = PBXFileReference; fileEncoding = 4; lastKnownFileType = sourcecode.c.objc; name = Marker.m; path = plugin.google.maps/Marker.m; sourceTree = "<group>"; };
		C219BB5AFC4E43C880F9DA17 /* GoogleMapsViewController.m */ = {isa = PBXFileReference; fileEncoding = 4; lastKnownFileType = sourcecode.c.objc; name = GoogleMapsViewController.m; path = plugin.google.maps/GoogleMapsViewController.m; sourceTree = "<group>"; };
		C5452132828E4668B4A29F5E /* EventKitUI.framework */ = {isa = PBXFileReference; fileEncoding = 4; lastKnownFileType = wrapper.framework; name = EventKitUI.framework; path = System/Library/Frameworks/EventKitUI.framework; sourceTree = SDKROOT; };
		C5FD817EE6BE438EB2B0650D /* CDVLocation.h */ = {isa = PBXFileReference; fileEncoding = 4; lastKnownFileType = sourcecode.c.h; name = CDVLocation.h; path = org.apache.cordova.geolocation/CDVLocation.h; sourceTree = "<group>"; };
		C61B7EE557ED4EC597BC1817 /* README */ = {isa = PBXFileReference; fileEncoding = 4; lastKnownFileType = unknown; name = README; path = plugin.http.request/README; sourceTree = "<group>"; };
		C8094229C96C42A68F818196 /* DatePicker.m */ = {isa = PBXFileReference; fileEncoding = 4; lastKnownFileType = sourcecode.c.objc; name = DatePicker.m; path = com.plugin.datepicker/DatePicker.m; sourceTree = "<group>"; };
		C96D37DDBFFE4F14AE5758D1 /* HttpRequest.h */ = {isa = PBXFileReference; fileEncoding = 4; lastKnownFileType = sourcecode.c.h; name = HttpRequest.h; path = plugin.http.request/HttpRequest/HttpRequest.h; sourceTree = "<group>"; };
		CE375CFFB90D462BA04A4292 /* Polyline.h */ = {isa = PBXFileReference; fileEncoding = 4; lastKnownFileType = sourcecode.c.h; name = Polyline.h; path = plugin.google.maps/Polyline.h; sourceTree = "<group>"; };
		CF05C5CCB219495188FDED01 /* libGoogleAdMobAds.a */ = {isa = PBXFileReference; fileEncoding = 4; lastKnownFileType = archive.ar; name = libGoogleAdMobAds.a; path = HungryHaven/Plugins/com.google.admobsdk/libGoogleAdMobAds.a; sourceTree = "<group>"; };
		D14C3898227541A6AD8B723E /* CDVLocalFilesystem.h */ = {isa = PBXFileReference; fileEncoding = 4; lastKnownFileType = sourcecode.c.h; name = CDVLocalFilesystem.h; path = org.apache.cordova.file/CDVLocalFilesystem.h; sourceTree = "<group>"; };
		D2CB8B1024E6440BA387A875 /* FacebookConnectPlugin.h */ = {isa = PBXFileReference; fileEncoding = 4; lastKnownFileType = sourcecode.c.h; name = FacebookConnectPlugin.h; path = com.phonegap.plugins.facebookconnect/FacebookConnectPlugin.h; sourceTree = "<group>"; };
		D4A0D8751607E02300AEF8BB /* Default-568h@2x~iphone.png */ = {isa = PBXFileReference; lastKnownFileType = image.png; path = "Default-568h@2x~iphone.png"; sourceTree = "<group>"; };
		D4A46E2C0CEB45C99AB9C0C2 /* UIWebViewExtension.m */ = {isa = PBXFileReference; fileEncoding = 4; lastKnownFileType = sourcecode.c.objc; name = UIWebViewExtension.m; path = com.ionic.keyboard/UIWebViewExtension.m; sourceTree = "<group>"; };
		D596D2A81A5C8B0D002F9E64 /* DistimoSDK.framework */ = {isa = PBXFileReference; lastKnownFileType = wrapper.framework; name = DistimoSDK.framework; path = ../../../../DistimoSDK.framework_2.6_56732/DistimoSDK.framework; sourceTree = "<group>"; };
		D5A8C092DBA44345B975ABCD /* GADAdSize.h */ = {isa = PBXFileReference; fileEncoding = 4; lastKnownFileType = sourcecode.c.h; name = GADAdSize.h; path = com.google.admobsdk/GADAdSize.h; sourceTree = "<group>"; };
		D5DE1E5D1A5C853800021766 /* Images.xcassets */ = {isa = PBXFileReference; lastKnownFileType = folder.assetcatalog; name = Images.xcassets; path = HungryHaven/Images.xcassets; sourceTree = SOURCE_ROOT; };
		D68A447CDB0141DA9795BD5E /* R9HTTPRequest.m */ = {isa = PBXFileReference; fileEncoding = 4; lastKnownFileType = sourcecode.c.objc; name = R9HTTPRequest.m; path = plugin.http.request/HttpRequest/R9HTTPRequest/R9HTTPRequest.m; sourceTree = "<group>"; };
		D8C843E2526A454F8B708A69 /* GADCustomEventExtras.h */ = {isa = PBXFileReference; fileEncoding = 4; lastKnownFileType = sourcecode.c.h; name = GADCustomEventExtras.h; path = com.google.admobsdk/GADCustomEventExtras.h; sourceTree = "<group>"; };
		D9B77E7098F14E0BB85034A5 /* SocialSharing.m */ = {isa = PBXFileReference; fileEncoding = 4; lastKnownFileType = sourcecode.c.objc; name = SocialSharing.m; path = "nl.x-services.plugins.socialsharing/SocialSharing.m"; sourceTree = "<group>"; };
		DD24718267A04953A1FEEFBE /* GADAdMobExtras.h */ = {isa = PBXFileReference; fileEncoding = 4; lastKnownFileType = sourcecode.c.h; name = GADAdMobExtras.h; path = com.google.admobsdk/GADAdMobExtras.h; sourceTree = "<group>"; };
		DDA30CEABD824AEF8987D188 /* AdMobMediation.m */ = {isa = PBXFileReference; fileEncoding = 4; lastKnownFileType = sourcecode.c.objc; name = AdMobMediation.m; path = com.google.cordova.admob/AdMobMediation.m; sourceTree = "<group>"; };
		DF4A9730F8064F27987C5B5F /* AdMobMediation.h */ = {isa = PBXFileReference; fileEncoding = 4; lastKnownFileType = sourcecode.c.h; name = AdMobMediation.h; path = com.google.cordova.admob/AdMobMediation.h; sourceTree = "<group>"; };
		E09D5A5850BC4D29A019DA43 /* CDVPluginExt.h */ = {isa = PBXFileReference; fileEncoding = 4; lastKnownFileType = sourcecode.c.h; name = CDVPluginExt.h; path = com.rjfun.cordova.extension/CDVPluginExt.h; sourceTree = "<group>"; };
		E1C8F783EA1E4E45BFAE3A5F /* libz.dylib */ = {isa = PBXFileReference; fileEncoding = 4; lastKnownFileType = "compiled.mach-o.dylib"; name = libz.dylib; path = usr/lib/libz.dylib; sourceTree = SDKROOT; };
		E373F6EBA7B14B6B9BD639F2 /* NSData+Base64.m */ = {isa = PBXFileReference; fileEncoding = 4; lastKnownFileType = sourcecode.c.objc; name = "NSData+Base64.m"; path = "plugin.google.maps/NSData+Base64.m"; sourceTree = "<group>"; };
		E8F97A0D5D99435CA1B91A0E /* MyPluginLayerDebugView.m */ = {isa = PBXFileReference; fileEncoding = 4; lastKnownFileType = sourcecode.c.objc; name = MyPluginLayerDebugView.m; path = plugin.google.maps/MyPluginLayerDebugView.m; sourceTree = "<group>"; };
		EB87FDF21871DA7A0020F90C /* merges */ = {isa = PBXFileReference; lastKnownFileType = folder; name = merges; path = ../../merges; sourceTree = "<group>"; };
		EB87FDF31871DA8E0020F90C /* www */ = {isa = PBXFileReference; lastKnownFileType = folder; name = www; path = ../../www; sourceTree = "<group>"; };
		EB87FDF41871DAF40020F90C /* config.xml */ = {isa = PBXFileReference; lastKnownFileType = text.xml; name = config.xml; path = ../../config.xml; sourceTree = "<group>"; };
		EF0A07B2EDF54FEA8DEAE48A /* GroundOverlay.h */ = {isa = PBXFileReference; fileEncoding = 4; lastKnownFileType = sourcecode.c.h; name = GroundOverlay.h; path = plugin.google.maps/GroundOverlay.h; sourceTree = "<group>"; };
		EFAA88D2C98A480381B5B13D /* Polyline.m */ = {isa = PBXFileReference; fileEncoding = 4; lastKnownFileType = sourcecode.c.objc; name = Polyline.m; path = plugin.google.maps/Polyline.m; sourceTree = "<group>"; };
		EFC6348BA3EA40E89DBFCC7F /* Map.m */ = {isa = PBXFileReference; fileEncoding = 4; lastKnownFileType = sourcecode.c.objc; name = Map.m; path = plugin.google.maps/Map.m; sourceTree = "<group>"; };
		F2BACECAC92D439E889C8059 /* MyPluginLayer.m */ = {isa = PBXFileReference; fileEncoding = 4; lastKnownFileType = sourcecode.c.objc; name = MyPluginLayer.m; path = plugin.google.maps/MyPluginLayer.m; sourceTree = "<group>"; };
		F5B726C317E64B7CB2F3B3EE /* CDVFileTransfer.h */ = {isa = PBXFileReference; fileEncoding = 4; lastKnownFileType = sourcecode.c.h; name = CDVFileTransfer.h; path = "org.apache.cordova.file-transfer/CDVFileTransfer.h"; sourceTree = "<group>"; };
		F60BA63806E04E6F8957D30B /* GADSwipeableBannerViewDelegate.h */ = {isa = PBXFileReference; fileEncoding = 4; lastKnownFileType = sourcecode.c.h; name = GADSwipeableBannerViewDelegate.h; path = com.google.admobsdk/GADSwipeableBannerViewDelegate.h; sourceTree = "<group>"; };
		F75DCBD652234E60837066EF /* SocialSharing.h */ = {isa = PBXFileReference; fileEncoding = 4; lastKnownFileType = sourcecode.c.h; name = SocialSharing.h; path = "nl.x-services.plugins.socialsharing/SocialSharing.h"; sourceTree = "<group>"; };
		F840E1F0165FE0F500CFE078 /* config.xml */ = {isa = PBXFileReference; lastKnownFileType = text.xml; name = config.xml; path = HungryHaven/config.xml; sourceTree = "<group>"; };
		F8688E5D26944CE2B88F231D /* Circle.h */ = {isa = PBXFileReference; fileEncoding = 4; lastKnownFileType = sourcecode.c.h; name = Circle.h; path = plugin.google.maps/Circle.h; sourceTree = "<group>"; };
		F9CF1A8B23614BA8A98AD104 /* IonicKeyboard.h */ = {isa = PBXFileReference; fileEncoding = 4; lastKnownFileType = sourcecode.c.h; name = IonicKeyboard.h; path = com.ionic.keyboard/IonicKeyboard.h; sourceTree = "<group>"; };
		FA65B73BFA4E4EF1B4F110D2 /* GADBannerViewDelegate.h */ = {isa = PBXFileReference; fileEncoding = 4; lastKnownFileType = sourcecode.c.h; name = GADBannerViewDelegate.h; path = com.google.admobsdk/GADBannerViewDelegate.h; sourceTree = "<group>"; };
		FD4D826F47F04126999DD835 /* CDVStatusBar.h */ = {isa = PBXFileReference; fileEncoding = 4; lastKnownFileType = sourcecode.c.h; name = CDVStatusBar.h; path = org.apache.cordova.statusbar/CDVStatusBar.h; sourceTree = "<group>"; };
/* End PBXFileReference section */

/* Begin PBXFrameworksBuildPhase section */
		1D60588F0D05DD3D006BFB54 /* Frameworks */ = {
			isa = PBXFrameworksBuildPhase;
			buildActionMask = 2147483647;
			files = (
				D596D2A91A5C8B0D002F9E64 /* DistimoSDK.framework in Frameworks */,
				5B1594DD16A7569C00FEF299 /* AssetsLibrary.framework in Frameworks */,
				301BF552109A68D80062928A /* libCordova.a in Frameworks */,
				288765FD0DF74451002DB57D /* CoreGraphics.framework in Frameworks */,
				305D5FD1115AB8F900A74A75 /* MobileCoreServices.framework in Frameworks */,
				6624D937FD014F3F84BB406D /* libGoogleAdMobAds.a in Frameworks */,
				0E3E21B0782A4408889DF41A /* AdSupport.framework in Frameworks */,
				26B7F88817ED47D8AFBEA701 /* AudioToolbox.framework in Frameworks */,
				53FD4D928DBF49EAA7C27B72 /* AVFoundation.framework in Frameworks */,
				2684A2628C3641F5A5C78FBF /* CoreTelephony.framework in Frameworks */,
				2CEF9B33493749D29062C9DE /* EventKit.framework in Frameworks */,
				198E765BA29C485691A5E94D /* EventKitUI.framework in Frameworks */,
				C153C4C082D5421E95C2B24D /* Foundation.framework in Frameworks */,
				F89036B61061480AAB28AB96 /* MessageUI.framework in Frameworks */,
				86E5F71739FD4EBEB10E25B3 /* StoreKit.framework in Frameworks */,
				D4AF2F33E0B64B0EBDCB6DED /* SystemConfiguration.framework in Frameworks */,
				C4029AE11C8E493691F254E2 /* UIKit.framework in Frameworks */,
				75A60D2DCA734E98A2C13FEF /* libCordovaGenericAd.a in Frameworks */,
				A970350B8713479CB5835949 /* Social.framework in Frameworks */,
				2E3783F101E84EE8BA7A0B6B /* ImageIO.framework in Frameworks */,
				512F8F70F3DB4B028ACB93AD /* CoreLocation.framework in Frameworks */,
				2739A3A045B7423CB8F91895 /* GoogleMaps.framework in Frameworks */,
				B1FA7FCF21294BB0A18CEE05 /* CoreData.framework in Frameworks */,
				C43AAF5B5FA247739EC57B23 /* CoreText.framework in Frameworks */,
				74AC152CA4D44710AD031425 /* GLKit.framework in Frameworks */,
				6139788392FC47A0AAF1D618 /* libc++.dylib in Frameworks */,
				752384C91A364FB09F0DB573 /* libicucore.dylib in Frameworks */,
				38661E9AA9604C848A28D0D2 /* libz.dylib in Frameworks */,
				10A4D52A4C24477D9B90A832 /* OpenGLES.framework in Frameworks */,
				54913D842DD747B08499E4B6 /* QuartzCore.framework in Frameworks */,
				B51F9E22AA604FE691777C88 /* FacebookSDK.framework in Frameworks */,
				919EEA2D0764485E8FD42B13 /* libsqlite3.dylib in Frameworks */,
				36894A9275CD488D90BE8E92 /* Accounts.framework in Frameworks */,
				B24B00333D25414F81500439 /* Security.framework in Frameworks */,
			);
			runOnlyForDeploymentPostprocessing = 0;
		};
/* End PBXFrameworksBuildPhase section */

/* Begin PBXGroup section */
		080E96DDFE201D6D7F000001 /* Classes */ = {
			isa = PBXGroup;
			children = (
				302D95EE14D2391D003F00A1 /* MainViewController.h */,
				302D95EF14D2391D003F00A1 /* MainViewController.m */,
				302D95F014D2391D003F00A1 /* MainViewController.xib */,
				1D3623240D0F684500981E51 /* AppDelegate.h */,
				1D3623250D0F684500981E51 /* AppDelegate.m */,
			);
			name = Classes;
			path = HungryHaven/Classes;
			sourceTree = SOURCE_ROOT;
		};
		19C28FACFE9D520D11CA2CBB /* Products */ = {
			isa = PBXGroup;
			children = (
				1D6058910D05DD3D006BFB54 /* HungryHaven.app */,
			);
			name = Products;
			sourceTree = "<group>";
		};
		1F766FDB13BBADB100FB74C0 /* en.lproj */ = {
			isa = PBXGroup;
			children = (
				1F766FDC13BBADB100FB74C0 /* Localizable.strings */,
			);
			path = en.lproj;
			sourceTree = "<group>";
		};
		1F766FDE13BBADB100FB74C0 /* es.lproj */ = {
			isa = PBXGroup;
			children = (
				1F766FDF13BBADB100FB74C0 /* Localizable.strings */,
			);
			path = es.lproj;
			sourceTree = "<group>";
		};
		29B97314FDCFA39411CA2CEA /* CustomTemplate */ = {
			isa = PBXGroup;
			children = (
				EB87FDF41871DAF40020F90C /* config.xml */,
				EB87FDF31871DA8E0020F90C /* www */,
				EB87FDF21871DA7A0020F90C /* merges */,
				EB87FDF11871DA420020F90C /* Staging */,
				301BF52D109A57CC0062928A /* CordovaLib.xcodeproj */,
				080E96DDFE201D6D7F000001 /* Classes */,
				307C750510C5A3420062BCA9 /* Plugins */,
				29B97315FDCFA39411CA2CEA /* Other Sources */,
				29B97317FDCFA39411CA2CEA /* Resources */,
				29B97323FDCFA39411CA2CEA /* Frameworks */,
				19C28FACFE9D520D11CA2CBB /* Products */,
			);
			name = CustomTemplate;
			sourceTree = "<group>";
		};
		29B97315FDCFA39411CA2CEA /* Other Sources */ = {
			isa = PBXGroup;
			children = (
				32CA4F630368D1EE00C91783 /* HungryHaven-Prefix.pch */,
				29B97316FDCFA39411CA2CEA /* main.m */,
			);
			name = "Other Sources";
			path = HungryHaven;
			sourceTree = "<group>";
		};
		29B97317FDCFA39411CA2CEA /* Resources */ = {
			isa = PBXGroup;
			children = (
				D5DE1E5D1A5C853800021766 /* Images.xcassets */,
				30A0434214DC770100060A13 /* de.lproj */,
				30A0434514DC770100060A13 /* se.lproj */,
				1F766FDB13BBADB100FB74C0 /* en.lproj */,
				1F766FDE13BBADB100FB74C0 /* es.lproj */,
				308D052D1370CCF300D202BF /* icons */,
				308D05311370CCF300D202BF /* splash */,
				8D1107310486CEB800E47090 /* HungryHaven-Info.plist */,
				A8F83093AE564F02B1B42D16 /* DatePicker.xib */,
				5CE7C0C7667646DB8060A1C6 /* GoogleMaps.bundle */,
			);
			name = Resources;
			path = HungryHaven/Resources;
			sourceTree = "<group>";
		};
		29B97323FDCFA39411CA2CEA /* Frameworks */ = {
			isa = PBXGroup;
			children = (
				D596D2A81A5C8B0D002F9E64 /* DistimoSDK.framework */,
				5B1594DC16A7569C00FEF299 /* AssetsLibrary.framework */,
				288765FC0DF74451002DB57D /* CoreGraphics.framework */,
				305D5FD0115AB8F900A74A75 /* MobileCoreServices.framework */,
				CF05C5CCB219495188FDED01 /* libGoogleAdMobAds.a */,
				66E3E95ABA39474181FB720C /* AdSupport.framework */,
				B12D093293134C14A40F1C12 /* AudioToolbox.framework */,
				A54120423286413BB0F38F09 /* AVFoundation.framework */,
				A7D242E8981C40878AC33EA4 /* CoreTelephony.framework */,
				01456A3C038C48D78C9D8572 /* EventKit.framework */,
				C5452132828E4668B4A29F5E /* EventKitUI.framework */,
				49AEA4C543834DBA9B2CF551 /* Foundation.framework */,
				88EF74831A654A83BA2AFF5F /* MessageUI.framework */,
				B5137B4F2E364B1683FF3A9A /* StoreKit.framework */,
				0F65E89885734D73B8920EB2 /* SystemConfiguration.framework */,
				225D5D0FFF5A4EDF8D507101 /* UIKit.framework */,
				2E298E015D6B422ABAB76AB5 /* libCordovaGenericAd.a */,
				489D397816CA475B87E68BEF /* Social.framework */,
				484DD6DFB8344CA281689602 /* ImageIO.framework */,
				854FA99D2AF74631ABD3971E /* CoreLocation.framework */,
				A94F36D818BB482DBC546F34 /* GoogleMaps.framework */,
				90424539920B4401856F5941 /* CoreData.framework */,
				0CD6A42CB3004BE39B9EDA08 /* CoreText.framework */,
				6F025729E6FF44228DF2248D /* GLKit.framework */,
				5D64ED555D5148BC98322BA9 /* libc++.dylib */,
				3DF01E0F4EDA46CF96BECDD2 /* libicucore.dylib */,
				E1C8F783EA1E4E45BFAE3A5F /* libz.dylib */,
				7859E6241D8145719CDC2BAD /* OpenGLES.framework */,
				336DADB4C88F4641A9983A85 /* QuartzCore.framework */,
				5BB29494AAD1498EA62104B3 /* FacebookSDK.framework */,
				378124B9F786473395445F40 /* libsqlite3.dylib */,
				A63EB46293424DC1B29EDE2B /* Accounts.framework */,
				21E8B6D74FE14545953DBEDA /* Security.framework */,
			);
			name = Frameworks;
			sourceTree = "<group>";
		};
		301BF52E109A57CC0062928A /* Products */ = {
			isa = PBXGroup;
			children = (
				301BF535109A57CC0062928A /* libCordova.a */,
			);
			name = Products;
			sourceTree = "<group>";
		};
		307C750510C5A3420062BCA9 /* Plugins */ = {
			isa = PBXGroup;
			children = (
				DD24718267A04953A1FEEFBE /* GADAdMobExtras.h */,
				1B0DFAB5F51C4CFF81399CC9 /* GADAdNetworkExtras.h */,
				D5A8C092DBA44345B975ABCD /* GADAdSize.h */,
				A6239B5AD02245E781D53018 /* GADBannerView.h */,
				FA65B73BFA4E4EF1B4F110D2 /* GADBannerViewDelegate.h */,
				898653D16B124D3896306B79 /* GADInAppPurchase.h */,
				3D5937ED2FC144A5BD4220B8 /* GADInAppPurchaseDelegate.h */,
				7531A01B9D774A9EBFC158FC /* GADInterstitial.h */,
				0C45B554044E4AA69B97D298 /* GADInterstitialDelegate.h */,
				566DC8CF8618451BB164520B /* GADModules.h */,
				80DCABA3509C46159E1C6B47 /* GADRequest.h */,
				92FEDCDC2036498A91054519 /* GADRequestError.h */,
				909136BD0DE14078B0BF359F /* DFPBannerView.h */,
				58E4928241F543F395FB2CAE /* DFPInterstitial.h */,
				F60BA63806E04E6F8957D30B /* GADSwipeableBannerViewDelegate.h */,
				287FFD4DC3F7458C8A1DF2DB /* DFPSwipeableBannerView.h */,
				BA84DAC57A054C10B5E2AE27 /* GADAppEventDelegate.h */,
				3369E6493FB54A5CBD1AEAD3 /* GADAdSizeDelegate.h */,
				919DDD9FE1CF4ECE9B4F7AF0 /* GADCustomEventBanner.h */,
				937432B9CD6F448689DF2E64 /* GADCustomEventBannerDelegate.h */,
				2BA7CF89FD174AAF9400BE8E /* GADCustomEventInterstitial.h */,
				ADB51220A9FE4A19BFE07981 /* GADCustomEventInterstitialDelegate.h */,
				1C43C0AD0F75404ABA547256 /* GADCustomEventRequest.h */,
				D8C843E2526A454F8B708A69 /* GADCustomEventExtras.h */,
				17FF7B080E71451BBAABAC87 /* GADSearchBannerView.h */,
				0394552951A6484FBB255A7F /* GADSearchRequest.h */,
				81996CCCC49E422790FA714E /* CDVPluginExt.m */,
				B6410B405B044B92A3C76916 /* PluginAdapterDelegate.h */,
				E09D5A5850BC4D29A019DA43 /* CDVPluginExt.h */,
				8767ED2F19924B779EB8D72C /* GenericAdPlugin.h */,
				9F241CD8EA0B4F44828ABFAC /* CDVAdMobPlugin.m */,
				DDA30CEABD824AEF8987D188 /* AdMobMediation.m */,
				6CBB34C46FF44BAFAE823D8E /* CDVAdMobPlugin.h */,
				DF4A9730F8064F27987C5B5F /* AdMobMediation.h */,
				3737B8B93BA54BD2A43604C2 /* IonicKeyboard.m */,
				D4A46E2C0CEB45C99AB9C0C2 /* UIWebViewExtension.m */,
				F9CF1A8B23614BA8A98AD104 /* IonicKeyboard.h */,
				9421DAC4A3594BAB8D6612E7 /* UIWebViewExtension.h */,
				C8094229C96C42A68F818196 /* DatePicker.m */,
				7458E98E083A4D5A8B572B97 /* DatePicker.h */,
				D9B77E7098F14E0BB85034A5 /* SocialSharing.m */,
				F75DCBD652234E60837066EF /* SocialSharing.h */,
				106F2E75A9A142DABD27C621 /* CDVCamera.m */,
				8EC799F2F63143438F1F1678 /* CDVJpegHeaderWriter.m */,
				16C81C975DDF455383EE59ED /* CDVCamera.h */,
				8092839F04F1411381EC31E3 /* CDVJpegHeaderWriter.h */,
				7D48DBB1E6CC47B4B0D1CBFD /* CDVExif.h */,
				B72FA02D555E4B9999FF8A6A /* CDVLogger.m */,
				9EFDE8F6CE67477AA770CB7E /* CDVLogger.h */,
				AACED12DAE33488BB55B5D71 /* CDVDevice.m */,
				75E1EC6ECECE4017B7CFF3FC /* CDVDevice.h */,
				433C22D9D5A442FA95C12CDF /* CDVFile.m */,
				3CD7C699508D43F59512B851 /* CDVLocalFilesystem.m */,
				3F0AB6172F1244DC8F2E568C /* CDVAssetLibraryFilesystem.m */,
				5EEED366518B47CAB646713D /* CDVFile.h */,
				D14C3898227541A6AD8B723E /* CDVLocalFilesystem.h */,
				970F5EE242674D558E691276 /* CDVAssetLibraryFilesystem.h */,
				04ECAC41A146466BA1A5D051 /* CDVFileTransfer.m */,
				F5B726C317E64B7CB2F3B3EE /* CDVFileTransfer.h */,
				21E3C504F64C450AA8076ACE /* CDVLocation.m */,
				C5FD817EE6BE438EB2B0650D /* CDVLocation.h */,
				80936ED5A9AF46119BB39D29 /* CDVInAppBrowser.m */,
				9E69352FD35A434F95875E0A /* CDVInAppBrowser.h */,
				3E8E7000AA4D4F3E8651C13C /* CDVConnection.m */,
				56C9A68C87A94A639AC93BC0 /* CDVReachability.m */,
				0861EA7AC5EF4A259EEA8ACC /* CDVConnection.h */,
				8E54FFF136D94282A7B19165 /* CDVReachability.h */,
				3D6A1C2EDC3A4518B18C8423 /* CDVSplashScreen.m */,
				07A8194FF2CF4FC7AF7912EF /* CDVSplashScreen.h */,
				B70BC082BDBA4D778ECEF532 /* CDVStatusBar.m */,
				FD4D826F47F04126999DD835 /* CDVStatusBar.h */,
				77A97FBFD6CF4FA296FF2F64 /* HttpRequest.m */,
				D68A447CDB0141DA9795BD5E /* R9HTTPRequest.m */,
				C61B7EE557ED4EC597BC1817 /* README */,
				7169E8BE0FCD4FA29E0A124F /* BSD-LICENSE */,
				C96D37DDBFFE4F14AE5758D1 /* HttpRequest.h */,
				B4CDE009AE0246C085E5823B /* R9HTTPRequest.h */,
				3BBDD54A5C9740148DC20691 /* Circle.m */,
				8F1E662F3AFB4B578B2A3880 /* External.m */,
				1E4CB38269C04B8F93DE5F15 /* Geocoder.m */,
				9D012ACEE70641F09F766862 /* GoogleMaps.m */,
				C219BB5AFC4E43C880F9DA17 /* GoogleMapsViewController.m */,
				13A552913859428CA702D6DD /* GroundOverlay.m */,
				50DD3E760E88469DAA37FC47 /* KmlOverlay.m */,
				EFC6348BA3EA40E89DBFCC7F /* Map.m */,
				BFD886D041AD4B8C82258F7B /* Marker.m */,
				2866B8658DCD4EB2AE80830E /* PluginUtil.m */,
				751AB58B427445179CABECB9 /* Polygon.m */,
				EFAA88D2C98A480381B5B13D /* Polyline.m */,
				402B5669C69346788D189360 /* TBXML.m */,
				A99D43FFF7564D25B9CBF6CF /* TileOverlay.m */,
				E373F6EBA7B14B6B9BD639F2 /* NSData+Base64.m */,
				F2BACECAC92D439E889C8059 /* MyPluginLayer.m */,
				9539260185B04C2FA9DFECC6 /* MyReachability.m */,
				E8F97A0D5D99435CA1B91A0E /* MyPluginLayerDebugView.m */,
				64A8E5A773AE4B81A54F3876 /* MyPluginScrollView.m */,
				F8688E5D26944CE2B88F231D /* Circle.h */,
				17126EB1CC5448F48E243D19 /* External.h */,
				2B145E13FE384A0CA3294A48 /* Geocoder.h */,
				8DAEB1A0613843C3AA3C4F67 /* GoogleMaps.h */,
				1FAB20653F564AA5AD078062 /* GoogleMapsViewController.h */,
				EF0A07B2EDF54FEA8DEAE48A /* GroundOverlay.h */,
				B9CDABA2EB444AB6BC2FBF80 /* KmlOverlay.h */,
				4CD8CCBDCC0541B1B266E8E4 /* Map.h */,
				6AA6CE3E8404417D86E63ED0 /* Marker.h */,
				74CF1A201E38471295CD8613 /* MyPlgunProtocol.h */,
				5CB383A677D24A3DA17456B5 /* PluginUtil.h */,
				7DC53117A0E8499987D7C4A2 /* Polygon.h */,
				CE375CFFB90D462BA04A4292 /* Polyline.h */,
				39BEFE7E4FB442FEBDD5FFEF /* TBXML.h */,
				175625FB0C7E4DBDA24E8C85 /* TileOverlay.h */,
				5F24436F3D3B49DEBECA12EC /* NSData+Base64.h */,
				30C9B5C4D440433EBBAD9E09 /* NSData+Base64.podspec */,
				61F43C0C5E1246A2AE36DDAE /* MyPluginLayer.h */,
				4F62FD3A80D34D6B9AC918DC /* MyReachability.h */,
				54C1F053F40F4A4B95BAC669 /* MyPluginLayerDebugView.h */,
				0CAB0C56EE8D4BFA8CC82104 /* MyPluginScrollView.h */,
				6B27A0B3BE7D4FD9A3B1D9E4 /* FacebookConnectPlugin.m */,
				D2CB8B1024E6440BA387A875 /* FacebookConnectPlugin.h */,
			);
			name = Plugins;
			path = HungryHaven/Plugins;
			sourceTree = SOURCE_ROOT;
		};
		308D052D1370CCF300D202BF /* icons */ = {
			isa = PBXGroup;
			children = (
				7E7966D41810823500FA85AD /* icon-40.png */,
				7E7966D51810823500FA85AD /* icon-40@2x.png */,
				7E7966D61810823500FA85AD /* icon-50.png */,
				7E7966D71810823500FA85AD /* icon-50@2x.png */,
				7E7966D81810823500FA85AD /* icon-60.png */,
				7E7966D91810823500FA85AD /* icon-60@2x.png */,
				7E7966DA1810823500FA85AD /* icon-76.png */,
				7E7966DB1810823500FA85AD /* icon-76@2x.png */,
				7E7966DC1810823500FA85AD /* icon-small.png */,
				7E7966DD1810823500FA85AD /* icon-small@2x.png */,
				30FC414816E50CA1004E6F35 /* icon-72@2x.png */,
				308D052E1370CCF300D202BF /* icon-72.png */,
				308D052F1370CCF300D202BF /* icon.png */,
				308D05301370CCF300D202BF /* icon@2x.png */,
			);
			path = icons;
			sourceTree = "<group>";
		};
		308D05311370CCF300D202BF /* splash */ = {
			isa = PBXGroup;
			children = (
				D4A0D8751607E02300AEF8BB /* Default-568h@2x~iphone.png */,
				3088BBB7154F3926009F9C59 /* Default-Landscape@2x~ipad.png */,
				3088BBB8154F3926009F9C59 /* Default-Landscape~ipad.png */,
				3088BBB9154F3926009F9C59 /* Default-Portrait@2x~ipad.png */,
				3088BBBA154F3926009F9C59 /* Default-Portrait~ipad.png */,
				3088BBBB154F3926009F9C59 /* Default@2x~iphone.png */,
				3088BBBC154F3926009F9C59 /* Default~iphone.png */,
			);
			path = splash;
			sourceTree = "<group>";
		};
		30A0434214DC770100060A13 /* de.lproj */ = {
			isa = PBXGroup;
			children = (
				30A0434314DC770100060A13 /* Localizable.strings */,
			);
			path = de.lproj;
			sourceTree = "<group>";
		};
		30A0434514DC770100060A13 /* se.lproj */ = {
			isa = PBXGroup;
			children = (
				30A0434614DC770100060A13 /* Localizable.strings */,
			);
			path = se.lproj;
			sourceTree = "<group>";
		};
		EB87FDF11871DA420020F90C /* Staging */ = {
			isa = PBXGroup;
			children = (
				F840E1F0165FE0F500CFE078 /* config.xml */,
				301BF56E109A69640062928A /* www */,
			);
			name = Staging;
			sourceTree = "<group>";
		};
/* End PBXGroup section */

/* Begin PBXNativeTarget section */
		1D6058900D05DD3D006BFB54 /* HungryHaven */ = {
			isa = PBXNativeTarget;
			buildConfigurationList = 1D6058960D05DD3E006BFB54 /* Build configuration list for PBXNativeTarget "HungryHaven" */;
			buildPhases = (
				304B58A110DAC018002A0835 /* Copy www directory */,
				1D60588D0D05DD3D006BFB54 /* Resources */,
				1D60588E0D05DD3D006BFB54 /* Sources */,
				1D60588F0D05DD3D006BFB54 /* Frameworks */,
			);
			buildRules = (
			);
			dependencies = (
				301BF551109A68C00062928A /* PBXTargetDependency */,
			);
			name = HungryHaven;
			productName = HungryHaven;
			productReference = 1D6058910D05DD3D006BFB54 /* HungryHaven.app */;
			productType = "com.apple.product-type.application";
		};
/* End PBXNativeTarget section */

/* Begin PBXProject section */
		29B97313FDCFA39411CA2CEA /* Project object */ = {
			isa = PBXProject;
			attributes = {
				LastUpgradeCheck = 510;
				TargetAttributes = {
					1D6058900D05DD3D006BFB54 = {
						DevelopmentTeam = 942D58L88Z;
					};
				};
			};
			buildConfigurationList = C01FCF4E08A954540054247B /* Build configuration list for PBXProject "HungryHaven" */;
			compatibilityVersion = "Xcode 3.2";
			developmentRegion = English;
			hasScannedForEncodings = 1;
			knownRegions = (
				English,
				Japanese,
				French,
				German,
				en,
				es,
				de,
				se,
			);
			mainGroup = 29B97314FDCFA39411CA2CEA /* CustomTemplate */;
			projectDirPath = "";
			projectReferences = (
				{
					ProductGroup = 301BF52E109A57CC0062928A /* Products */;
					ProjectRef = 301BF52D109A57CC0062928A /* CordovaLib.xcodeproj */;
				},
			);
			projectRoot = "";
			targets = (
				1D6058900D05DD3D006BFB54 /* HungryHaven */,
			);
		};
/* End PBXProject section */

/* Begin PBXReferenceProxy section */
		301BF535109A57CC0062928A /* libCordova.a */ = {
			isa = PBXReferenceProxy;
			fileType = archive.ar;
			path = libCordova.a;
			remoteRef = 301BF534109A57CC0062928A /* PBXContainerItemProxy */;
			sourceTree = BUILT_PRODUCTS_DIR;
		};
/* End PBXReferenceProxy section */

/* Begin PBXResourcesBuildPhase section */
		1D60588D0D05DD3D006BFB54 /* Resources */ = {
			isa = PBXResourcesBuildPhase;
			buildActionMask = 2147483647;
			files = (
				7E7966E41810823500FA85AD /* icon-76.png in Resources */,
				7E7966DF1810823500FA85AD /* icon-40@2x.png in Resources */,
				308D05371370CCF300D202BF /* icon-72.png in Resources */,
				308D05381370CCF300D202BF /* icon.png in Resources */,
				308D05391370CCF300D202BF /* icon@2x.png in Resources */,
				1F766FE113BBADB100FB74C0 /* Localizable.strings in Resources */,
				302D95F214D2391D003F00A1 /* MainViewController.xib in Resources */,
				7E7966E01810823500FA85AD /* icon-50.png in Resources */,
				7E7966E31810823500FA85AD /* icon-60@2x.png in Resources */,
				D5DE1E5E1A5C853800021766 /* Images.xcassets in Resources */,
				30A0434814DC770100060A13 /* Localizable.strings in Resources */,
				7E7966E61810823500FA85AD /* icon-small.png in Resources */,
				3088BBBD154F3926009F9C59 /* Default-Landscape@2x~ipad.png in Resources */,
				3088BBBE154F3926009F9C59 /* Default-Landscape~ipad.png in Resources */,
				3088BBBF154F3926009F9C59 /* Default-Portrait@2x~ipad.png in Resources */,
				7E7966E71810823500FA85AD /* icon-small@2x.png in Resources */,
				3088BBC0154F3926009F9C59 /* Default-Portrait~ipad.png in Resources */,
				7E7966DE1810823500FA85AD /* icon-40.png in Resources */,
				3088BBC1154F3926009F9C59 /* Default@2x~iphone.png in Resources */,
				7E7966E21810823500FA85AD /* icon-60.png in Resources */,
				3088BBC2154F3926009F9C59 /* Default~iphone.png in Resources */,
				D4A0D8761607E02300AEF8BB /* Default-568h@2x~iphone.png in Resources */,
				7E7966E11810823500FA85AD /* icon-50@2x.png in Resources */,
				7E7966E51810823500FA85AD /* icon-76@2x.png in Resources */,
				30FC414916E50CA1004E6F35 /* icon-72@2x.png in Resources */,
				D161989353684D5699019F8F /* DatePicker.xib in Resources */,
				58C133BCA6E345539AF64335 /* GoogleMaps.bundle in Resources */,
			);
			runOnlyForDeploymentPostprocessing = 0;
		};
/* End PBXResourcesBuildPhase section */

/* Begin PBXShellScriptBuildPhase section */
		304B58A110DAC018002A0835 /* Copy www directory */ = {
			isa = PBXShellScriptBuildPhase;
			buildActionMask = 2147483647;
			files = (
			);
			inputPaths = (
			);
			name = "Copy www directory";
			outputPaths = (
			);
			runOnlyForDeploymentPostprocessing = 0;
			shellPath = /bin/sh;
			shellScript = "cordova/lib/copy-www-build-step.sh";
			showEnvVarsInLog = 0;
		};
/* End PBXShellScriptBuildPhase section */

/* Begin PBXSourcesBuildPhase section */
		1D60588E0D05DD3D006BFB54 /* Sources */ = {
			isa = PBXSourcesBuildPhase;
			buildActionMask = 2147483647;
			files = (
				1D60589B0D05DD56006BFB54 /* main.m in Sources */,
				1D3623260D0F684500981E51 /* AppDelegate.m in Sources */,
				302D95F114D2391D003F00A1 /* MainViewController.m in Sources */,
				F1DDDA03432E40E0A09A6B52 /* CDVPluginExt.m in Sources */,
				0186775017AC44499CB502A3 /* CDVAdMobPlugin.m in Sources */,
				632D512E9B3C40019EBD6029 /* AdMobMediation.m in Sources */,
				4C84F9E6B5184A2F8C3AEEDF /* IonicKeyboard.m in Sources */,
				A374E9069A2C42BEB630E6F9 /* UIWebViewExtension.m in Sources */,
				957FD69B540C479DB888BF71 /* DatePicker.m in Sources */,
				9D5D68BEE2C1431AB3153ED3 /* SocialSharing.m in Sources */,
				A5F11731A38543279961096A /* CDVCamera.m in Sources */,
				6AF74FE00DE94A4A914AAF11 /* CDVJpegHeaderWriter.m in Sources */,
				CC3ACD005DB74D2B93350E76 /* CDVLogger.m in Sources */,
				560A0B36F3094CBEBA740FF8 /* CDVDevice.m in Sources */,
				25BF4BCF500E4BDF928C4B2B /* CDVFile.m in Sources */,
				A02ED0A904EF40A79480E145 /* CDVLocalFilesystem.m in Sources */,
				F0049A2CE7DE46F7ACABC838 /* CDVAssetLibraryFilesystem.m in Sources */,
				5B13F6C816BA4704B250103D /* CDVFileTransfer.m in Sources */,
				028F14A5E83140F88EB39841 /* CDVLocation.m in Sources */,
				4241BE3D3C3044289710DE4A /* CDVInAppBrowser.m in Sources */,
				6975ECBEFAA94EFBA70F9EA8 /* CDVConnection.m in Sources */,
				28D4FB13E0074346A5C1B39A /* CDVReachability.m in Sources */,
				D26BD451D1F14166A2043D83 /* CDVSplashScreen.m in Sources */,
				55EBC834879F488C9EE3AD91 /* CDVStatusBar.m in Sources */,
				DD756363E01642489A544180 /* HttpRequest.m in Sources */,
				B407B95356B04712B5FCD75F /* R9HTTPRequest.m in Sources */,
				B404178B270641C08AE92DC1 /* README in Sources */,
				A212F3429035489886F08C48 /* BSD-LICENSE in Sources */,
				1AA02C4DE467444F920FAAE3 /* Circle.m in Sources */,
				C698531267E843EF9BA70E02 /* External.m in Sources */,
				F09F7BAC8B024359A99900BA /* Geocoder.m in Sources */,
				46AD86CB051144F6B597D83D /* GoogleMaps.m in Sources */,
				615B3BC269A0437896C5C2B2 /* GoogleMapsViewController.m in Sources */,
				F76600197C1547A3826574A6 /* GroundOverlay.m in Sources */,
				59DAF6AFC9584D29A541E744 /* KmlOverlay.m in Sources */,
				C4163825AF5B42C98E880208 /* Map.m in Sources */,
				048613E18B5A4A1EA029111E /* Marker.m in Sources */,
				7A09386AD04248C9984E19D2 /* PluginUtil.m in Sources */,
				F556D174F4EC4F1AB7F5EC16 /* Polygon.m in Sources */,
				7D8561C44F7247F0A93AF63A /* Polyline.m in Sources */,
				7967B2DD68F444899457E687 /* TBXML.m in Sources */,
				B01A33F5A5494722980BA93B /* TileOverlay.m in Sources */,
				5B1CE731E7B94B57BA49A66B /* NSData+Base64.m in Sources */,
				4F1D6E21723D4205ABE6FCAD /* MyPluginLayer.m in Sources */,
				96DBC97F18E247798DB283E4 /* MyReachability.m in Sources */,
				F144E7C00B614761B03C695C /* MyPluginLayerDebugView.m in Sources */,
				906AE6F460614AC099299358 /* MyPluginScrollView.m in Sources */,
				37A1CA7D4FC944938A9BF0DC /* FacebookConnectPlugin.m in Sources */,
			);
			runOnlyForDeploymentPostprocessing = 0;
		};
/* End PBXSourcesBuildPhase section */

/* Begin PBXTargetDependency section */
		301BF551109A68C00062928A /* PBXTargetDependency */ = {
			isa = PBXTargetDependency;
			name = CordovaLib;
			targetProxy = 301BF550109A68C00062928A /* PBXContainerItemProxy */;
		};
/* End PBXTargetDependency section */

/* Begin PBXVariantGroup section */
		1F766FDC13BBADB100FB74C0 /* Localizable.strings */ = {
			isa = PBXVariantGroup;
			children = (
				1F766FDD13BBADB100FB74C0 /* en */,
			);
			name = Localizable.strings;
			sourceTree = "<group>";
		};
		1F766FDF13BBADB100FB74C0 /* Localizable.strings */ = {
			isa = PBXVariantGroup;
			children = (
				1F766FE013BBADB100FB74C0 /* es */,
			);
			name = Localizable.strings;
			sourceTree = "<group>";
		};
		30A0434314DC770100060A13 /* Localizable.strings */ = {
			isa = PBXVariantGroup;
			children = (
				30A0434414DC770100060A13 /* de */,
			);
			name = Localizable.strings;
			sourceTree = "<group>";
		};
		30A0434614DC770100060A13 /* Localizable.strings */ = {
			isa = PBXVariantGroup;
			children = (
				30A0434714DC770100060A13 /* se */,
			);
			name = Localizable.strings;
			sourceTree = "<group>";
		};
/* End PBXVariantGroup section */

/* Begin XCBuildConfiguration section */
		1D6058940D05DD3E006BFB54 /* Debug */ = {
			isa = XCBuildConfiguration;
			buildSettings = {
				ALWAYS_SEARCH_USER_PATHS = NO;
				ASSETCATALOG_COMPILER_APPICON_NAME = AppIcon;
				ASSETCATALOG_COMPILER_LAUNCHIMAGE_NAME = "LaunchImage-2";
				CLANG_ENABLE_OBJC_ARC = YES;
				CODE_SIGN_IDENTITY = "iPhone Developer";
				COPY_PHASE_STRIP = NO;
				FRAMEWORK_SEARCH_PATHS = (
					"$(inherited)",
					HungryHaven/Plugins/com.googlemaps.ios,
					HungryHaven/Plugins/com.phonegap.plugins.facebookconnect,
					/Users/asifalamgir/Documents/DistimoSDK.framework_2.6_56732,
				);
				GCC_DYNAMIC_NO_PIC = NO;
				GCC_OPTIMIZATION_LEVEL = 0;
				GCC_PRECOMPILE_PREFIX_HEADER = YES;
				GCC_PREFIX_HEADER = "HungryHaven/HungryHaven-Prefix.pch";
				GCC_THUMB_SUPPORT = NO;
				GCC_VERSION = "";
				INFOPLIST_FILE = "HungryHaven/HungryHaven-Info.plist";
				IPHONEOS_DEPLOYMENT_TARGET = 7.1;
				LIBRARY_SEARCH_PATHS = (
					"$(inherited)",
					"\"$(SRCROOT)/HungryHaven/Plugins/com.google.admobsdk\"",
					"\"$(SRCROOT)/HungryHaven/Plugins/com.rjfun.cordova.extension\"",
				);
				OTHER_LDFLAGS = (
					"-weak_framework",
					CoreFoundation,
					"-weak_framework",
					UIKit,
					"-weak_framework",
					AVFoundation,
					"-weak_framework",
					CoreMedia,
					"-weak-lSystem",
					"-force_load",
					"\"$(BUILT_PRODUCTS_DIR)/libCordova.a\"",
					"-ObjC",
				);
				PRODUCT_NAME = HungryHaven;
				TARGETED_DEVICE_FAMILY = 1;
			};
			name = Debug;
		};
		1D6058950D05DD3E006BFB54 /* Release */ = {
			isa = XCBuildConfiguration;
			buildSettings = {
				ALWAYS_SEARCH_USER_PATHS = NO;
				ASSETCATALOG_COMPILER_APPICON_NAME = AppIcon;
				ASSETCATALOG_COMPILER_LAUNCHIMAGE_NAME = "LaunchImage-2";
				CLANG_ENABLE_OBJC_ARC = YES;
				CODE_SIGN_IDENTITY = "iPhone Developer";
				COPY_PHASE_STRIP = YES;
				FRAMEWORK_SEARCH_PATHS = (
					"$(inherited)",
					HungryHaven/Plugins/com.googlemaps.ios,
					HungryHaven/Plugins/com.phonegap.plugins.facebookconnect,
					/Users/asifalamgir/Documents/DistimoSDK.framework_2.6_56732,
				);
				GCC_PRECOMPILE_PREFIX_HEADER = YES;
				GCC_PREFIX_HEADER = "HungryHaven/HungryHaven-Prefix.pch";
				GCC_THUMB_SUPPORT = NO;
				GCC_VERSION = "";
				INFOPLIST_FILE = "HungryHaven/HungryHaven-Info.plist";
				IPHONEOS_DEPLOYMENT_TARGET = 7.1;
				LIBRARY_SEARCH_PATHS = (
					"$(inherited)",
					"\"$(SRCROOT)/HungryHaven/Plugins/com.google.admobsdk\"",
					"\"$(SRCROOT)/HungryHaven/Plugins/com.rjfun.cordova.extension\"",
				);
				OTHER_LDFLAGS = (
					"-weak_framework",
					CoreFoundation,
					"-weak_framework",
					UIKit,
					"-weak_framework",
					AVFoundation,
					"-weak_framework",
					CoreMedia,
					"-weak-lSystem",
					"-force_load",
					"\"$(BUILT_PRODUCTS_DIR)/libCordova.a\"",
					"-ObjC",
				);
				PRODUCT_NAME = HungryHaven;
				TARGETED_DEVICE_FAMILY = 1;
			};
			name = Release;
		};
		C01FCF4F08A954540054247B /* Debug */ = {
			isa = XCBuildConfiguration;
			buildSettings = {
				CLANG_ENABLE_OBJC_ARC = YES;
				CLANG_WARN_BOOL_CONVERSION = YES;
				CLANG_WARN_CONSTANT_CONVERSION = YES;
				CLANG_WARN_EMPTY_BODY = YES;
				CLANG_WARN_ENUM_CONVERSION = YES;
				CLANG_WARN_INT_CONVERSION = YES;
				CLANG_WARN__DUPLICATE_METHOD_MATCH = YES;
				"CODE_SIGN_IDENTITY[sdk=iphoneos*]" = "iPhone Developer";
				GCC_C_LANGUAGE_STANDARD = c99;
				GCC_THUMB_SUPPORT = NO;
				GCC_VERSION = "";
				GCC_WARN_ABOUT_RETURN_TYPE = YES;
				GCC_WARN_UNDECLARED_SELECTOR = YES;
				GCC_WARN_UNINITIALIZED_AUTOS = YES;
				GCC_WARN_UNUSED_FUNCTION = YES;
				GCC_WARN_UNUSED_VARIABLE = YES;
				HEADER_SEARCH_PATHS = (
					"\"$(TARGET_BUILD_DIR)/usr/local/lib/include\"",
					"\"$(OBJROOT)/UninstalledProducts/include\"",
					"\"$(BUILT_PRODUCTS_DIR)\"",
				);
				IPHONEOS_DEPLOYMENT_TARGET = 6.0;
				ONLY_ACTIVE_ARCH = YES;
				OTHER_LDFLAGS = (
					"-weak_framework",
					CoreFoundation,
					"-weak_framework",
					UIKit,
					"-weak_framework",
					AVFoundation,
					"-weak_framework",
					CoreMedia,
					"-weak-lSystem",
					"-force_load",
					"\"$(BUILT_PRODUCTS_DIR)/libCordova.a\"",
					"-ObjC",
				);
				SDKROOT = iphoneos;
				SKIP_INSTALL = NO;
				USER_HEADER_SEARCH_PATHS = "";
			};
			name = Debug;
		};
		C01FCF5008A954540054247B /* Release */ = {
			isa = XCBuildConfiguration;
			buildSettings = {
				CLANG_ENABLE_OBJC_ARC = YES;
				CLANG_WARN_BOOL_CONVERSION = YES;
				CLANG_WARN_CONSTANT_CONVERSION = YES;
				CLANG_WARN_EMPTY_BODY = YES;
				CLANG_WARN_ENUM_CONVERSION = YES;
				CLANG_WARN_INT_CONVERSION = YES;
				CLANG_WARN__DUPLICATE_METHOD_MATCH = YES;
				"CODE_SIGN_IDENTITY[sdk=iphoneos*]" = "iPhone Developer";
				GCC_C_LANGUAGE_STANDARD = c99;
				GCC_THUMB_SUPPORT = NO;
				GCC_VERSION = "";
				GCC_WARN_ABOUT_RETURN_TYPE = YES;
				GCC_WARN_UNDECLARED_SELECTOR = YES;
				GCC_WARN_UNINITIALIZED_AUTOS = YES;
				GCC_WARN_UNUSED_FUNCTION = YES;
				GCC_WARN_UNUSED_VARIABLE = YES;
				HEADER_SEARCH_PATHS = (
					"\"$(TARGET_BUILD_DIR)/usr/local/lib/include\"",
					"\"$(OBJROOT)/UninstalledProducts/include\"",
					"\"$(BUILT_PRODUCTS_DIR)\"",
				);
				IPHONEOS_DEPLOYMENT_TARGET = 6.0;
				OTHER_LDFLAGS = (
					"-weak_framework",
					CoreFoundation,
					"-weak_framework",
					UIKit,
					"-weak_framework",
					AVFoundation,
					"-weak_framework",
					CoreMedia,
					"-weak-lSystem",
					"-force_load",
					"\"$(BUILT_PRODUCTS_DIR)/libCordova.a\"",
					"-ObjC",
				);
				SDKROOT = iphoneos;
				SKIP_INSTALL = NO;
				USER_HEADER_SEARCH_PATHS = "";
			};
			name = Release;
		};
/* End XCBuildConfiguration section */

/* Begin XCConfigurationList section */
		1D6058960D05DD3E006BFB54 /* Build configuration list for PBXNativeTarget "HungryHaven" */ = {
			isa = XCConfigurationList;
			buildConfigurations = (
				1D6058940D05DD3E006BFB54 /* Debug */,
				1D6058950D05DD3E006BFB54 /* Release */,
			);
			defaultConfigurationIsVisible = 0;
			defaultConfigurationName = Release;
		};
		C01FCF4E08A954540054247B /* Build configuration list for PBXProject "HungryHaven" */ = {
			isa = XCConfigurationList;
			buildConfigurations = (
				C01FCF4F08A954540054247B /* Debug */,
				C01FCF5008A954540054247B /* Release */,
			);
			defaultConfigurationIsVisible = 0;
			defaultConfigurationName = Release;
		};
/* End XCConfigurationList section */
	};
	rootObject = 29B97313FDCFA39411CA2CEA /* Project object */;
}
